// !$*UTF8*$!
{
	archiveVersion = 1;
	classes = {
	};
	objectVersion = 46;
	objects = {

/* Begin PBXBuildFile section */
		8434090B18D019CD006E0D26 /* Foundation.framework in Frameworks */ = {isa = PBXBuildFile; fileRef = 8434090A18D019CD006E0D26 /* Foundation.framework */; };
		8434090D18D019CD006E0D26 /* CoreGraphics.framework in Frameworks */ = {isa = PBXBuildFile; fileRef = 8434090C18D019CD006E0D26 /* CoreGraphics.framework */; };
		8434090F18D019CD006E0D26 /* UIKit.framework in Frameworks */ = {isa = PBXBuildFile; fileRef = 8434090E18D019CD006E0D26 /* UIKit.framework */; };
		8434091118D019CD006E0D26 /* CoreData.framework in Frameworks */ = {isa = PBXBuildFile; fileRef = 8434091018D019CD006E0D26 /* CoreData.framework */; };
		8434091718D019CD006E0D26 /* InfoPlist.strings in Resources */ = {isa = PBXBuildFile; fileRef = 8434091518D019CD006E0D26 /* InfoPlist.strings */; };
		8434091918D019CD006E0D26 /* main.m in Sources */ = {isa = PBXBuildFile; fileRef = 8434091818D019CD006E0D26 /* main.m */; };
		8434091D18D019CD006E0D26 /* NXVAppDelegate.m in Sources */ = {isa = PBXBuildFile; fileRef = 8434091C18D019CD006E0D26 /* NXVAppDelegate.m */; };
		8434092018D019CD006E0D26 /* Main.storyboard in Resources */ = {isa = PBXBuildFile; fileRef = 8434091E18D019CD006E0D26 /* Main.storyboard */; };
		8434092318D019CD006E0D26 /* FailedBankCD.xcdatamodeld in Sources */ = {isa = PBXBuildFile; fileRef = 8434092118D019CD006E0D26 /* FailedBankCD.xcdatamodeld */; };
		8434092B18D019CD006E0D26 /* Images.xcassets in Resources */ = {isa = PBXBuildFile; fileRef = 8434092A18D019CD006E0D26 /* Images.xcassets */; };
		8434093218D019CD006E0D26 /* XCTest.framework in Frameworks */ = {isa = PBXBuildFile; fileRef = 8434093118D019CD006E0D26 /* XCTest.framework */; };
		8434093318D019CD006E0D26 /* Foundation.framework in Frameworks */ = {isa = PBXBuildFile; fileRef = 8434090A18D019CD006E0D26 /* Foundation.framework */; };
		8434093418D019CD006E0D26 /* UIKit.framework in Frameworks */ = {isa = PBXBuildFile; fileRef = 8434090E18D019CD006E0D26 /* UIKit.framework */; };
		8434093518D019CD006E0D26 /* CoreData.framework in Frameworks */ = {isa = PBXBuildFile; fileRef = 8434091018D019CD006E0D26 /* CoreData.framework */; };
		8434093D18D019CD006E0D26 /* InfoPlist.strings in Resources */ = {isa = PBXBuildFile; fileRef = 8434093B18D019CD006E0D26 /* InfoPlist.strings */; };
		8434093F18D019CD006E0D26 /* FailedBankCDTests.m in Sources */ = {isa = PBXBuildFile; fileRef = 8434093E18D019CD006E0D26 /* FailedBankCDTests.m */; };
		8434094A18D019F5006E0D26 /* NXVMasterViewController.m in Sources */ = {isa = PBXBuildFile; fileRef = 8434094918D019F5006E0D26 /* NXVMasterViewController.m */; };
		8434095018D02BEB006E0D26 /* FailedBankDetails.m in Sources */ = {isa = PBXBuildFile; fileRef = 8434094F18D02BEB006E0D26 /* FailedBankDetails.m */; };
		8434095418D02E58006E0D26 /* FailedBankInfo.m in Sources */ = {isa = PBXBuildFile; fileRef = 8434095318D02E58006E0D26 /* FailedBankInfo.m */; };
/* End PBXBuildFile section */

/* Begin PBXContainerItemProxy section */
		8434093618D019CD006E0D26 /* PBXContainerItemProxy */ = {
			isa = PBXContainerItemProxy;
			containerPortal = 843408FF18D019CD006E0D26 /* Project object */;
			proxyType = 1;
			remoteGlobalIDString = 8434090618D019CD006E0D26;
			remoteInfo = FailedBankCD;
		};
/* End PBXContainerItemProxy section */

/* Begin PBXFileReference section */
		8434090718D019CD006E0D26 /* FailedBankCD.app */ = {isa = PBXFileReference; explicitFileType = wrapper.application; includeInIndex = 0; path = FailedBankCD.app; sourceTree = BUILT_PRODUCTS_DIR; };
		8434090A18D019CD006E0D26 /* Foundation.framework */ = {isa = PBXFileReference; lastKnownFileType = wrapper.framework; name = Foundation.framework; path = System/Library/Frameworks/Foundation.framework; sourceTree = SDKROOT; };
		8434090C18D019CD006E0D26 /* CoreGraphics.framework */ = {isa = PBXFileReference; lastKnownFileType = wrapper.framework; name = CoreGraphics.framework; path = System/Library/Frameworks/CoreGraphics.framework; sourceTree = SDKROOT; };
		8434090E18D019CD006E0D26 /* UIKit.framework */ = {isa = PBXFileReference; lastKnownFileType = wrapper.framework; name = UIKit.framework; path = System/Library/Frameworks/UIKit.framework; sourceTree = SDKROOT; };
		8434091018D019CD006E0D26 /* CoreData.framework */ = {isa = PBXFileReference; lastKnownFileType = wrapper.framework; name = CoreData.framework; path = System/Library/Frameworks/CoreData.framework; sourceTree = SDKROOT; };
		8434091418D019CD006E0D26 /* FailedBankCD-Info.plist */ = {isa = PBXFileReference; lastKnownFileType = text.plist.xml; path = "FailedBankCD-Info.plist"; sourceTree = "<group>"; };
		8434091618D019CD006E0D26 /* en */ = {isa = PBXFileReference; lastKnownFileType = text.plist.strings; name = en; path = en.lproj/InfoPlist.strings; sourceTree = "<group>"; };
		8434091818D019CD006E0D26 /* main.m */ = {isa = PBXFileReference; lastKnownFileType = sourcecode.c.objc; path = main.m; sourceTree = "<group>"; };
		8434091A18D019CD006E0D26 /* FailedBankCD-Prefix.pch */ = {isa = PBXFileReference; lastKnownFileType = sourcecode.c.h; path = "FailedBankCD-Prefix.pch"; sourceTree = "<group>"; };
		8434091B18D019CD006E0D26 /* NXVAppDelegate.h */ = {isa = PBXFileReference; lastKnownFileType = sourcecode.c.h; path = NXVAppDelegate.h; sourceTree = "<group>"; };
		8434091C18D019CD006E0D26 /* NXVAppDelegate.m */ = {isa = PBXFileReference; lastKnownFileType = sourcecode.c.objc; path = NXVAppDelegate.m; sourceTree = "<group>"; };
		8434091F18D019CD006E0D26 /* Base */ = {isa = PBXFileReference; lastKnownFileType = file.storyboard; name = Base; path = Base.lproj/Main.storyboard; sourceTree = "<group>"; };
		8434092218D019CD006E0D26 /* FailedBankCD.xcdatamodel */ = {isa = PBXFileReference; lastKnownFileType = wrapper.xcdatamodel; path = FailedBankCD.xcdatamodel; sourceTree = "<group>"; };
		8434092A18D019CD006E0D26 /* Images.xcassets */ = {isa = PBXFileReference; lastKnownFileType = folder.assetcatalog; path = Images.xcassets; sourceTree = "<group>"; };
		8434093018D019CD006E0D26 /* FailedBankCDTests.xctest */ = {isa = PBXFileReference; explicitFileType = wrapper.cfbundle; includeInIndex = 0; path = FailedBankCDTests.xctest; sourceTree = BUILT_PRODUCTS_DIR; };
		8434093118D019CD006E0D26 /* XCTest.framework */ = {isa = PBXFileReference; lastKnownFileType = wrapper.framework; name = XCTest.framework; path = Library/Frameworks/XCTest.framework; sourceTree = DEVELOPER_DIR; };
		8434093A18D019CD006E0D26 /* FailedBankCDTests-Info.plist */ = {isa = PBXFileReference; lastKnownFileType = text.plist.xml; path = "FailedBankCDTests-Info.plist"; sourceTree = "<group>"; };
		8434093C18D019CD006E0D26 /* en */ = {isa = PBXFileReference; lastKnownFileType = text.plist.strings; name = en; path = en.lproj/InfoPlist.strings; sourceTree = "<group>"; };
		8434093E18D019CD006E0D26 /* FailedBankCDTests.m */ = {isa = PBXFileReference; lastKnownFileType = sourcecode.c.objc; path = FailedBankCDTests.m; sourceTree = "<group>"; };
		8434094818D019F5006E0D26 /* NXVMasterViewController.h */ = {isa = PBXFileReference; fileEncoding = 4; lastKnownFileType = sourcecode.c.h; path = NXVMasterViewController.h; sourceTree = "<group>"; };
		8434094918D019F5006E0D26 /* NXVMasterViewController.m */ = {isa = PBXFileReference; fileEncoding = 4; lastKnownFileType = sourcecode.c.objc; path = NXVMasterViewController.m; sourceTree = "<group>"; };
		8434094E18D02BEB006E0D26 /* FailedBankDetails.h */ = {isa = PBXFileReference; fileEncoding = 4; lastKnownFileType = sourcecode.c.h; path = FailedBankDetails.h; sourceTree = "<group>"; };
		8434094F18D02BEB006E0D26 /* FailedBankDetails.m */ = {isa = PBXFileReference; fileEncoding = 4; lastKnownFileType = sourcecode.c.objc; path = FailedBankDetails.m; sourceTree = "<group>"; };
		8434095218D02E58006E0D26 /* FailedBankInfo.h */ = {isa = PBXFileReference; fileEncoding = 4; lastKnownFileType = sourcecode.c.h; path = FailedBankInfo.h; sourceTree = "<group>"; };
		8434095318D02E58006E0D26 /* FailedBankInfo.m */ = {isa = PBXFileReference; fileEncoding = 4; lastKnownFileType = sourcecode.c.objc; path = FailedBankInfo.m; sourceTree = "<group>"; };
/* End PBXFileReference section */

/* Begin PBXFrameworksBuildPhase section */
		8434090418D019CD006E0D26 /* Frameworks */ = {
			isa = PBXFrameworksBuildPhase;
			buildActionMask = 2147483647;
			files = (
				8434090D18D019CD006E0D26 /* CoreGraphics.framework in Frameworks */,
				8434091118D019CD006E0D26 /* CoreData.framework in Frameworks */,
				8434090F18D019CD006E0D26 /* UIKit.framework in Frameworks */,
				8434090B18D019CD006E0D26 /* Foundation.framework in Frameworks */,
			);
			runOnlyForDeploymentPostprocessing = 0;
		};
		8434092D18D019CD006E0D26 /* Frameworks */ = {
			isa = PBXFrameworksBuildPhase;
			buildActionMask = 2147483647;
			files = (
				8434093218D019CD006E0D26 /* XCTest.framework in Frameworks */,
				8434093518D019CD006E0D26 /* CoreData.framework in Frameworks */,
				8434093418D019CD006E0D26 /* UIKit.framework in Frameworks */,
				8434093318D019CD006E0D26 /* Foundation.framework in Frameworks */,
			);
			runOnlyForDeploymentPostprocessing = 0;
		};
/* End PBXFrameworksBuildPhase section */

/* Begin PBXGroup section */
		843408FE18D019CD006E0D26 = {
			isa = PBXGroup;
			children = (
				8434091218D019CD006E0D26 /* FailedBankCD */,
				8434093818D019CD006E0D26 /* FailedBankCDTests */,
				8434090918D019CD006E0D26 /* Frameworks */,
				8434090818D019CD006E0D26 /* Products */,
			);
			sourceTree = "<group>";
		};
		8434090818D019CD006E0D26 /* Products */ = {
			isa = PBXGroup;
			children = (
				8434090718D019CD006E0D26 /* FailedBankCD.app */,
				8434093018D019CD006E0D26 /* FailedBankCDTests.xctest */,
			);
			name = Products;
			sourceTree = "<group>";
		};
		8434090918D019CD006E0D26 /* Frameworks */ = {
			isa = PBXGroup;
			children = (
				8434090A18D019CD006E0D26 /* Foundation.framework */,
				8434090C18D019CD006E0D26 /* CoreGraphics.framework */,
				8434090E18D019CD006E0D26 /* UIKit.framework */,
				8434091018D019CD006E0D26 /* CoreData.framework */,
				8434093118D019CD006E0D26 /* XCTest.framework */,
			);
			name = Frameworks;
			sourceTree = "<group>";
		};
		8434091218D019CD006E0D26 /* FailedBankCD */ = {
			isa = PBXGroup;
			children = (
				8434091B18D019CD006E0D26 /* NXVAppDelegate.h */,
				8434091C18D019CD006E0D26 /* NXVAppDelegate.m */,
				8434094818D019F5006E0D26 /* NXVMasterViewController.h */,
				8434094918D019F5006E0D26 /* NXVMasterViewController.m */,
				8434091E18D019CD006E0D26 /* Main.storyboard */,
				8434092A18D019CD006E0D26 /* Images.xcassets */,
				8434092118D019CD006E0D26 /* FailedBankCD.xcdatamodeld */,
				8434095118D02BF7006E0D26 /* Data Object */,
				8434091318D019CD006E0D26 /* Supporting Files */,
			);
			path = FailedBankCD;
			sourceTree = "<group>";
		};
		8434091318D019CD006E0D26 /* Supporting Files */ = {
			isa = PBXGroup;
			children = (
				8434091418D019CD006E0D26 /* FailedBankCD-Info.plist */,
				8434091518D019CD006E0D26 /* InfoPlist.strings */,
				8434091818D019CD006E0D26 /* main.m */,
				8434091A18D019CD006E0D26 /* FailedBankCD-Prefix.pch */,
			);
			name = "Supporting Files";
			sourceTree = "<group>";
		};
		8434093818D019CD006E0D26 /* FailedBankCDTests */ = {
			isa = PBXGroup;
			children = (
				8434093E18D019CD006E0D26 /* FailedBankCDTests.m */,
				8434093918D019CD006E0D26 /* Supporting Files */,
			);
			path = FailedBankCDTests;
			sourceTree = "<group>";
		};
		8434093918D019CD006E0D26 /* Supporting Files */ = {
			isa = PBXGroup;
			children = (
				8434093A18D019CD006E0D26 /* FailedBankCDTests-Info.plist */,
				8434093B18D019CD006E0D26 /* InfoPlist.strings */,
			);
			name = "Supporting Files";
			sourceTree = "<group>";
		};
		8434095118D02BF7006E0D26 /* Data Object */ = {
			isa = PBXGroup;
			children = (
				8434095218D02E58006E0D26 /* FailedBankInfo.h */,
				8434095318D02E58006E0D26 /* FailedBankInfo.m */,
				8434094E18D02BEB006E0D26 /* FailedBankDetails.h */,
				8434094F18D02BEB006E0D26 /* FailedBankDetails.m */,
			);
			name = "Data Object";
			sourceTree = "<group>";
		};
/* End PBXGroup section */

/* Begin PBXNativeTarget section */
		8434090618D019CD006E0D26 /* FailedBankCD */ = {
			isa = PBXNativeTarget;
			buildConfigurationList = 8434094218D019CD006E0D26 /* Build configuration list for PBXNativeTarget "FailedBankCD" */;
			buildPhases = (
				8434090318D019CD006E0D26 /* Sources */,
				8434090418D019CD006E0D26 /* Frameworks */,
				8434090518D019CD006E0D26 /* Resources */,
			);
			buildRules = (
			);
			dependencies = (
			);
			name = FailedBankCD;
			productName = FailedBankCD;
			productReference = 8434090718D019CD006E0D26 /* FailedBankCD.app */;
			productType = "com.apple.product-type.application";
		};
		8434092F18D019CD006E0D26 /* FailedBankCDTests */ = {
			isa = PBXNativeTarget;
			buildConfigurationList = 8434094518D019CD006E0D26 /* Build configuration list for PBXNativeTarget "FailedBankCDTests" */;
			buildPhases = (
				8434092C18D019CD006E0D26 /* Sources */,
				8434092D18D019CD006E0D26 /* Frameworks */,
				8434092E18D019CD006E0D26 /* Resources */,
			);
			buildRules = (
			);
			dependencies = (
				8434093718D019CD006E0D26 /* PBXTargetDependency */,
			);
			name = FailedBankCDTests;
			productName = FailedBankCDTests;
			productReference = 8434093018D019CD006E0D26 /* FailedBankCDTests.xctest */;
			productType = "com.apple.product-type.bundle.unit-test";
		};
/* End PBXNativeTarget section */

/* Begin PBXProject section */
		843408FF18D019CD006E0D26 /* Project object */ = {
			isa = PBXProject;
			attributes = {
				CLASSPREFIX = NXV;
				LastUpgradeCheck = 0500;
				ORGANIZATIONNAME = "Vinh Nguyen";
				TargetAttributes = {
					8434092F18D019CD006E0D26 = {
						TestTargetID = 8434090618D019CD006E0D26;
					};
				};
			};
			buildConfigurationList = 8434090218D019CD006E0D26 /* Build configuration list for PBXProject "FailedBankCD" */;
			compatibilityVersion = "Xcode 3.2";
			developmentRegion = English;
			hasScannedForEncodings = 0;
			knownRegions = (
				en,
				Base,
			);
			mainGroup = 843408FE18D019CD006E0D26;
			productRefGroup = 8434090818D019CD006E0D26 /* Products */;
			projectDirPath = "";
			projectRoot = "";
			targets = (
				8434090618D019CD006E0D26 /* FailedBankCD */,
				8434092F18D019CD006E0D26 /* FailedBankCDTests */,
			);
		};
/* End PBXProject section */

/* Begin PBXResourcesBuildPhase section */
		8434090518D019CD006E0D26 /* Resources */ = {
			isa = PBXResourcesBuildPhase;
			buildActionMask = 2147483647;
			files = (
				8434092B18D019CD006E0D26 /* Images.xcassets in Resources */,
				8434091718D019CD006E0D26 /* InfoPlist.strings in Resources */,
				8434092018D019CD006E0D26 /* Main.storyboard in Resources */,
			);
			runOnlyForDeploymentPostprocessing = 0;
		};
		8434092E18D019CD006E0D26 /* Resources */ = {
			isa = PBXResourcesBuildPhase;
			buildActionMask = 2147483647;
			files = (
				8434093D18D019CD006E0D26 /* InfoPlist.strings in Resources */,
			);
			runOnlyForDeploymentPostprocessing = 0;
		};
/* End PBXResourcesBuildPhase section */

/* Begin PBXSourcesBuildPhase section */
		8434090318D019CD006E0D26 /* Sources */ = {
			isa = PBXSourcesBuildPhase;
			buildActionMask = 2147483647;
			files = (
				8434092318D019CD006E0D26 /* FailedBankCD.xcdatamodeld in Sources */,
				8434095018D02BEB006E0D26 /* FailedBankDetails.m in Sources */,
				8434091918D019CD006E0D26 /* main.m in Sources */,
				8434091D18D019CD006E0D26 /* NXVAppDelegate.m in Sources */,
				8434094A18D019F5006E0D26 /* NXVMasterViewController.m in Sources */,
				8434095418D02E58006E0D26 /* FailedBankInfo.m in Sources */,
			);
			runOnlyForDeploymentPostprocessing = 0;
		};
		8434092C18D019CD006E0D26 /* Sources */ = {
			isa = PBXSourcesBuildPhase;
			buildActionMask = 2147483647;
			files = (
				8434093F18D019CD006E0D26 /* FailedBankCDTests.m in Sources */,
			);
			runOnlyForDeploymentPostprocessing = 0;
		};
/* End PBXSourcesBuildPhase section */

/* Begin PBXTargetDependency section */
		8434093718D019CD006E0D26 /* PBXTargetDependency */ = {
			isa = PBXTargetDependency;
			target = 8434090618D019CD006E0D26 /* FailedBankCD */;
			targetProxy = 8434093618D019CD006E0D26 /* PBXContainerItemProxy */;
		};
/* End PBXTargetDependency section */

/* Begin PBXVariantGroup section */
		8434091518D019CD006E0D26 /* InfoPlist.strings */ = {
			isa = PBXVariantGroup;
			children = (
				8434091618D019CD006E0D26 /* en */,
			);
			name = InfoPlist.strings;
			sourceTree = "<group>";
		};
		8434091E18D019CD006E0D26 /* Main.storyboard */ = {
			isa = PBXVariantGroup;
			children = (
				8434091F18D019CD006E0D26 /* Base */,
			);
			name = Main.storyboard;
			sourceTree = "<group>";
		};
		8434093B18D019CD006E0D26 /* InfoPlist.strings */ = {
			isa = PBXVariantGroup;
			children = (
				8434093C18D019CD006E0D26 /* en */,
			);
			name = InfoPlist.strings;
			sourceTree = "<group>";
		};
/* End PBXVariantGroup section */

/* Begin XCBuildConfiguration section */
		8434094018D019CD006E0D26 /* Debug */ = {
			isa = XCBuildConfiguration;
			buildSettings = {
				ALWAYS_SEARCH_USER_PATHS = NO;
				ARCHS = "$(ARCHS_STANDARD_INCLUDING_64_BIT)";
				CLANG_CXX_LANGUAGE_STANDARD = "gnu++0x";
				CLANG_CXX_LIBRARY = "libc++";
				CLANG_ENABLE_MODULES = YES;
				CLANG_ENABLE_OBJC_ARC = YES;
				CLANG_WARN_BOOL_CONVERSION = YES;
				CLANG_WARN_CONSTANT_CONVERSION = YES;
				CLANG_WARN_DIRECT_OBJC_ISA_USAGE = YES_ERROR;
				CLANG_WARN_EMPTY_BODY = YES;
				CLANG_WARN_ENUM_CONVERSION = YES;
				CLANG_WARN_INT_CONVERSION = YES;
				CLANG_WARN_OBJC_ROOT_CLASS = YES_ERROR;
				CLANG_WARN__DUPLICATE_METHOD_MATCH = YES;
				"CODE_SIGN_IDENTITY[sdk=iphoneos*]" = "iPhone Developer";
				COPY_PHASE_STRIP = NO;
				GCC_C_LANGUAGE_STANDARD = gnu99;
				GCC_DYNAMIC_NO_PIC = NO;
				GCC_OPTIMIZATION_LEVEL = 0;
				GCC_PREPROCESSOR_DEFINITIONS = (
					"DEBUG=1",
					"$(inherited)",
				);
				GCC_SYMBOLS_PRIVATE_EXTERN = NO;
				GCC_WARN_64_TO_32_BIT_CONVERSION = YES;
				GCC_WARN_ABOUT_RETURN_TYPE = YES_ERROR;
				GCC_WARN_UNDECLARED_SELECTOR = YES;
				GCC_WARN_UNINITIALIZED_AUTOS = YES;
				GCC_WARN_UNUSED_FUNCTION = YES;
				GCC_WARN_UNUSED_VARIABLE = YES;
				IPHONEOS_DEPLOYMENT_TARGET = 7.0;
				ONLY_ACTIVE_ARCH = YES;
				SDKROOT = iphoneos;
			};
			name = Debug;
		};
		8434094118D019CD006E0D26 /* Release */ = {
			isa = XCBuildConfiguration;
			buildSettings = {
				ALWAYS_SEARCH_USER_PATHS = NO;
				ARCHS = "$(ARCHS_STANDARD_INCLUDING_64_BIT)";
				CLANG_CXX_LANGUAGE_STANDARD = "gnu++0x";
				CLANG_CXX_LIBRARY = "libc++";
				CLANG_ENABLE_MODULES = YES;
				CLANG_ENABLE_OBJC_ARC = YES;
				CLANG_WARN_BOOL_CONVERSION = YES;
				CLANG_WARN_CONSTANT_CONVERSION = YES;
				CLANG_WARN_DIRECT_OBJC_ISA_USAGE = YES_ERROR;
				CLANG_WARN_EMPTY_BODY = YES;
				CLANG_WARN_ENUM_CONVERSION = YES;
				CLANG_WARN_INT_CONVERSION = YES;
				CLANG_WARN_OBJC_ROOT_CLASS = YES_ERROR;
				CLANG_WARN__DUPLICATE_METHOD_MATCH = YES;
				"CODE_SIGN_IDENTITY[sdk=iphoneos*]" = "iPhone Developer";
				COPY_PHASE_STRIP = YES;
				ENABLE_NS_ASSERTIONS = NO;
				GCC_C_LANGUAGE_STANDARD = gnu99;
				GCC_WARN_64_TO_32_BIT_CONVERSION = YES;
				GCC_WARN_ABOUT_RETURN_TYPE = YES_ERROR;
				GCC_WARN_UNDECLARED_SELECTOR = YES;
				GCC_WARN_UNINITIALIZED_AUTOS = YES;
				GCC_WARN_UNUSED_FUNCTION = YES;
				GCC_WARN_UNUSED_VARIABLE = YES;
				IPHONEOS_DEPLOYMENT_TARGET = 7.0;
				SDKROOT = iphoneos;
				VALIDATE_PRODUCT = YES;
			};
			name = Release;
		};
		8434094318D019CD006E0D26 /* Debug */ = {
			isa = XCBuildConfiguration;
			buildSettings = {
				ASSETCATALOG_COMPILER_APPICON_NAME = AppIcon;
				ASSETCATALOG_COMPILER_LAUNCHIMAGE_NAME = LaunchImage;
				GCC_PRECOMPILE_PREFIX_HEADER = YES;
				GCC_PREFIX_HEADER = "FailedBankCD/FailedBankCD-Prefix.pch";
				INFOPLIST_FILE = "FailedBankCD/FailedBankCD-Info.plist";
				PRODUCT_NAME = "$(TARGET_NAME)";
				WRAPPER_EXTENSION = app;
			};
			name = Debug;
		};
		8434094418D019CD006E0D26 /* Release */ = {
			isa = XCBuildConfiguration;
			buildSettings = {
				ASSETCATALOG_COMPILER_APPICON_NAME = AppIcon;
				ASSETCATALOG_COMPILER_LAUNCHIMAGE_NAME = LaunchImage;
				GCC_PRECOMPILE_PREFIX_HEADER = YES;
				GCC_PREFIX_HEADER = "FailedBankCD/FailedBankCD-Prefix.pch";
				INFOPLIST_FILE = "FailedBankCD/FailedBankCD-Info.plist";
				PRODUCT_NAME = "$(TARGET_NAME)";
				WRAPPER_EXTENSION = app;
			};
			name = Release;
		};
		8434094618D019CD006E0D26 /* Debug */ = {
			isa = XCBuildConfiguration;
			buildSettings = {
				ARCHS = "$(ARCHS_STANDARD_INCLUDING_64_BIT)";
				BUNDLE_LOADER = "$(BUILT_PRODUCTS_DIR)/FailedBankCD.app/FailedBankCD";
				FRAMEWORK_SEARCH_PATHS = (
					"$(SDKROOT)/Developer/Library/Frameworks",
					"$(inherited)",
					"$(DEVELOPER_FRAMEWORKS_DIR)",
				);
				GCC_PRECOMPILE_PREFIX_HEADER = YES;
				GCC_PREFIX_HEADER = "FailedBankCD/FailedBankCD-Prefix.pch";
				GCC_PREPROCESSOR_DEFINITIONS = (
					"DEBUG=1",
					"$(inherited)",
				);
				INFOPLIST_FILE = "FailedBankCDTests/FailedBankCDTests-Info.plist";
				PRODUCT_NAME = "$(TARGET_NAME)";
				TEST_HOST = "$(BUNDLE_LOADER)";
				WRAPPER_EXTENSION = xctest;
			};
			name = Debug;
		};
		8434094718D019CD006E0D26 /* Release */ = {
			isa = XCBuildConfiguration;
			buildSettings = {
				ARCHS = "$(ARCHS_STANDARD_INCLUDING_64_BIT)";
				BUNDLE_LOADER = "$(BUILT_PRODUCTS_DIR)/FailedBankCD.app/FailedBankCD";
				FRAMEWORK_SEARCH_PATHS = (
					"$(SDKROOT)/Developer/Library/Frameworks",
					"$(inherited)",
					"$(DEVELOPER_FRAMEWORKS_DIR)",
				);
				GCC_PRECOMPILE_PREFIX_HEADER = YES;
				GCC_PREFIX_HEADER = "FailedBankCD/FailedBankCD-Prefix.pch";
				INFOPLIST_FILE = "FailedBankCDTests/FailedBankCDTests-Info.plist";
				PRODUCT_NAME = "$(TARGET_NAME)";
				TEST_HOST = "$(BUNDLE_LOADER)";
				WRAPPER_EXTENSION = xctest;
			};
			name = Release;
		};
/* End XCBuildConfiguration section */

/* Begin XCConfigurationList section */
		8434090218D019CD006E0D26 /* Build configuration list for PBXProject "FailedBankCD" */ = {
			isa = XCConfigurationList;
			buildConfigurations = (
				8434094018D019CD006E0D26 /* Debug */,
				8434094118D019CD006E0D26 /* Release */,
			);
			defaultConfigurationIsVisible = 0;
			defaultConfigurationName = Release;
		};
		8434094218D019CD006E0D26 /* Build configuration list for PBXNativeTarget "FailedBankCD" */ = {
			isa = XCConfigurationList;
			buildConfigurations = (
				8434094318D019CD006E0D26 /* Debug */,
				8434094418D019CD006E0D26 /* Release */,
			);
			defaultConfigurationIsVisible = 0;
		};
		8434094518D019CD006E0D26 /* Build configuration list for PBXNativeTarget "FailedBankCDTests" */ = {
			isa = XCConfigurationList;
			buildConfigurations = (
				8434094618D019CD006E0D26 /* Debug */,
				8434094718D019CD006E0D26 /* Release */,
			);
			defaultConfigurationIsVisible = 0;
		};
/* End XCConfigurationList section */

/* Begin XCVersionGroup section */
		8434092118D019CD006E0D26 /* FailedBankCD.xcdatamodeld */ = {
			isa = XCVersionGroup;
			children = (
				8434092218D019CD006E0D26 /* FailedBankCD.xcdatamodel */,
			);
			currentVersion = 8434092218D019CD006E0D26 /* FailedBankCD.xcdatamodel */;
			path = FailedBankCD.xcdatamodeld;
			sourceTree = "<group>";
			versionGroupType = wrapper.xcdatamodel;
		};
/* End XCVersionGroup section */
	};
	rootObject = 843408FF18D019CD006E0D26 /* Project object */;
}
