// !$*UTF8*$!
{
	archiveVersion = 1;
	classes = {
	};
	objectVersion = 46;
	objects = {

/* Begin PBXBuildFile section */
		A37C9D2219D51CE10033E40D /* main.m in Sources */ = {isa = PBXBuildFile; fileRef = A37C9D2119D51CE10033E40D /* main.m */; };
		A37C9D2519D51CE10033E40D /* AppDelegate.m in Sources */ = {isa = PBXBuildFile; fileRef = A37C9D2419D51CE10033E40D /* AppDelegate.m */; };
		A37C9D2819D51CE10033E40D /* ViewController.m in Sources */ = {isa = PBXBuildFile; fileRef = A37C9D2719D51CE10033E40D /* ViewController.m */; };
		A37C9D2B19D51CE10033E40D /* Main.storyboard in Resources */ = {isa = PBXBuildFile; fileRef = A37C9D2919D51CE10033E40D /* Main.storyboard */; };
		A37C9D2D19D51CE10033E40D /* Images.xcassets in Resources */ = {isa = PBXBuildFile; fileRef = A37C9D2C19D51CE10033E40D /* Images.xcassets */; };
		A37C9D3019D51CE10033E40D /* LaunchScreen.xib in Resources */ = {isa = PBXBuildFile; fileRef = A37C9D2E19D51CE10033E40D /* LaunchScreen.xib */; };
		A37C9D3C19D51CE10033E40D /* CGPath_1Tests.m in Sources */ = {isa = PBXBuildFile; fileRef = A37C9D3B19D51CE10033E40D /* CGPath_1Tests.m */; };
/* End PBXBuildFile section */

/* Begin PBXContainerItemProxy section */
		A37C9D3619D51CE10033E40D /* PBXContainerItemProxy */ = {
			isa = PBXContainerItemProxy;
			containerPortal = A37C9D1419D51CE10033E40D /* Project object */;
			proxyType = 1;
			remoteGlobalIDString = A37C9D1B19D51CE10033E40D;
			remoteInfo = CGPath.1;
		};
/* End PBXContainerItemProxy section */

/* Begin PBXFileReference section */
		A37C9D1C19D51CE10033E40D /* CGPath.1.app */ = {isa = PBXFileReference; explicitFileType = wrapper.application; includeInIndex = 0; path = CGPath.1.app; sourceTree = BUILT_PRODUCTS_DIR; };
		A37C9D2019D51CE10033E40D /* Info.plist */ = {isa = PBXFileReference; lastKnownFileType = text.plist.xml; path = Info.plist; sourceTree = "<group>"; };
		A37C9D2119D51CE10033E40D /* main.m */ = {isa = PBXFileReference; lastKnownFileType = sourcecode.c.objc; path = main.m; sourceTree = "<group>"; };
		A37C9D2319D51CE10033E40D /* AppDelegate.h */ = {isa = PBXFileReference; lastKnownFileType = sourcecode.c.h; path = AppDelegate.h; sourceTree = "<group>"; };
		A37C9D2419D51CE10033E40D /* AppDelegate.m */ = {isa = PBXFileReference; lastKnownFileType = sourcecode.c.objc; path = AppDelegate.m; sourceTree = "<group>"; };
		A37C9D2619D51CE10033E40D /* ViewController.h */ = {isa = PBXFileReference; lastKnownFileType = sourcecode.c.h; path = ViewController.h; sourceTree = "<group>"; };
		A37C9D2719D51CE10033E40D /* ViewController.m */ = {isa = PBXFileReference; lastKnownFileType = sourcecode.c.objc; path = ViewController.m; sourceTree = "<group>"; };
		A37C9D2A19D51CE10033E40D /* Base */ = {isa = PBXFileReference; lastKnownFileType = file.storyboard; name = Base; path = Base.lproj/Main.storyboard; sourceTree = "<group>"; };
		A37C9D2C19D51CE10033E40D /* Images.xcassets */ = {isa = PBXFileReference; lastKnownFileType = folder.assetcatalog; path = Images.xcassets; sourceTree = "<group>"; };
		A37C9D2F19D51CE10033E40D /* Base */ = {isa = PBXFileReference; lastKnownFileType = file.xib; name = Base; path = Base.lproj/LaunchScreen.xib; sourceTree = "<group>"; };
		A37C9D3519D51CE10033E40D /* CGPath.1Tests.xctest */ = {isa = PBXFileReference; explicitFileType = wrapper.cfbundle; includeInIndex = 0; path = CGPath.1Tests.xctest; sourceTree = BUILT_PRODUCTS_DIR; };
		A37C9D3A19D51CE10033E40D /* Info.plist */ = {isa = PBXFileReference; lastKnownFileType = text.plist.xml; path = Info.plist; sourceTree = "<group>"; };
		A37C9D3B19D51CE10033E40D /* CGPath_1Tests.m */ = {isa = PBXFileReference; lastKnownFileType = sourcecode.c.objc; path = CGPath_1Tests.m; sourceTree = "<group>"; };
/* End PBXFileReference section */

/* Begin PBXFrameworksBuildPhase section */
		A37C9D1919D51CE10033E40D /* Frameworks */ = {
			isa = PBXFrameworksBuildPhase;
			buildActionMask = 2147483647;
			files = (
			);
			runOnlyForDeploymentPostprocessing = 0;
		};
		A37C9D3219D51CE10033E40D /* Frameworks */ = {
			isa = PBXFrameworksBuildPhase;
			buildActionMask = 2147483647;
			files = (
			);
			runOnlyForDeploymentPostprocessing = 0;
		};
/* End PBXFrameworksBuildPhase section */

/* Begin PBXGroup section */
		A37C9D1319D51CE10033E40D = {
			isa = PBXGroup;
			children = (
				A37C9D1E19D51CE10033E40D /* CGPath.1 */,
				A37C9D3819D51CE10033E40D /* CGPath.1Tests */,
				A37C9D1D19D51CE10033E40D /* Products */,
			);
			sourceTree = "<group>";
		};
		A37C9D1D19D51CE10033E40D /* Products */ = {
			isa = PBXGroup;
			children = (
				A37C9D1C19D51CE10033E40D /* CGPath.1.app */,
				A37C9D3519D51CE10033E40D /* CGPath.1Tests.xctest */,
			);
			name = Products;
			sourceTree = "<group>";
		};
		A37C9D1E19D51CE10033E40D /* CGPath.1 */ = {
			isa = PBXGroup;
			children = (
				A37C9D2319D51CE10033E40D /* AppDelegate.h */,
				A37C9D2419D51CE10033E40D /* AppDelegate.m */,
				A37C9D2619D51CE10033E40D /* ViewController.h */,
				A37C9D2719D51CE10033E40D /* ViewController.m */,
				A37C9D2919D51CE10033E40D /* Main.storyboard */,
				A37C9D2C19D51CE10033E40D /* Images.xcassets */,
				A37C9D2E19D51CE10033E40D /* LaunchScreen.xib */,
				A37C9D1F19D51CE10033E40D /* Supporting Files */,
			);
			path = CGPath.1;
			sourceTree = "<group>";
		};
		A37C9D1F19D51CE10033E40D /* Supporting Files */ = {
			isa = PBXGroup;
			children = (
				A37C9D2019D51CE10033E40D /* Info.plist */,
				A37C9D2119D51CE10033E40D /* main.m */,
			);
			name = "Supporting Files";
			sourceTree = "<group>";
		};
		A37C9D3819D51CE10033E40D /* CGPath.1Tests */ = {
			isa = PBXGroup;
			children = (
				A37C9D3B19D51CE10033E40D /* CGPath_1Tests.m */,
				A37C9D3919D51CE10033E40D /* Supporting Files */,
			);
			path = CGPath.1Tests;
			sourceTree = "<group>";
		};
		A37C9D3919D51CE10033E40D /* Supporting Files */ = {
			isa = PBXGroup;
			children = (
				A37C9D3A19D51CE10033E40D /* Info.plist */,
			);
			name = "Supporting Files";
			sourceTree = "<group>";
		};
/* End PBXGroup section */

/* Begin PBXNativeTarget section */
		A37C9D1B19D51CE10033E40D /* CGPath.1 */ = {
			isa = PBXNativeTarget;
			buildConfigurationList = A37C9D3F19D51CE10033E40D /* Build configuration list for PBXNativeTarget "CGPath.1" */;
			buildPhases = (
				A37C9D1819D51CE10033E40D /* Sources */,
				A37C9D1919D51CE10033E40D /* Frameworks */,
				A37C9D1A19D51CE10033E40D /* Resources */,
			);
			buildRules = (
			);
			dependencies = (
			);
			name = CGPath.1;
			productName = CGPath.1;
			productReference = A37C9D1C19D51CE10033E40D /* CGPath.1.app */;
			productType = "com.apple.product-type.application";
		};
		A37C9D3419D51CE10033E40D /* CGPath.1Tests */ = {
			isa = PBXNativeTarget;
			buildConfigurationList = A37C9D4219D51CE10033E40D /* Build configuration list for PBXNativeTarget "CGPath.1Tests" */;
			buildPhases = (
				A37C9D3119D51CE10033E40D /* Sources */,
				A37C9D3219D51CE10033E40D /* Frameworks */,
				A37C9D3319D51CE10033E40D /* Resources */,
			);
			buildRules = (
			);
			dependencies = (
				A37C9D3719D51CE10033E40D /* PBXTargetDependency */,
			);
			name = CGPath.1Tests;
			productName = CGPath.1Tests;
			productReference = A37C9D3519D51CE10033E40D /* CGPath.1Tests.xctest */;
			productType = "com.apple.product-type.bundle.unit-test";
		};
/* End PBXNativeTarget section */

/* Begin PBXProject section */
		A37C9D1419D51CE10033E40D /* Project object */ = {
			isa = PBXProject;
			attributes = {
				LastUpgradeCheck = 0600;
				ORGANIZATIONNAME = "Vinh nguyen";
				TargetAttributes = {
					A37C9D1B19D51CE10033E40D = {
						CreatedOnToolsVersion = 6.0.1;
					};
					A37C9D3419D51CE10033E40D = {
						CreatedOnToolsVersion = 6.0.1;
						TestTargetID = A37C9D1B19D51CE10033E40D;
					};
				};
			};
			buildConfigurationList = A37C9D1719D51CE10033E40D /* Build configuration list for PBXProject "CGPath.1" */;
			compatibilityVersion = "Xcode 3.2";
			developmentRegion = English;
			hasScannedForEncodings = 0;
			knownRegions = (
				en,
				Base,
			);
			mainGroup = A37C9D1319D51CE10033E40D;
			productRefGroup = A37C9D1D19D51CE10033E40D /* Products */;
			projectDirPath = "";
			projectRoot = "";
			targets = (
				A37C9D1B19D51CE10033E40D /* CGPath.1 */,
				A37C9D3419D51CE10033E40D /* CGPath.1Tests */,
			);
		};
/* End PBXProject section */

/* Begin PBXResourcesBuildPhase section */
		A37C9D1A19D51CE10033E40D /* Resources */ = {
			isa = PBXResourcesBuildPhase;
			buildActionMask = 2147483647;
			files = (
				A37C9D2B19D51CE10033E40D /* Main.storyboard in Resources */,
				A37C9D3019D51CE10033E40D /* LaunchScreen.xib in Resources */,
				A37C9D2D19D51CE10033E40D /* Images.xcassets in Resources */,
			);
			runOnlyForDeploymentPostprocessing = 0;
		};
		A37C9D3319D51CE10033E40D /* Resources */ = {
			isa = PBXResourcesBuildPhase;
			buildActionMask = 2147483647;
			files = (
			);
			runOnlyForDeploymentPostprocessing = 0;
		};
/* End PBXResourcesBuildPhase section */

/* Begin PBXSourcesBuildPhase section */
		A37C9D1819D51CE10033E40D /* Sources */ = {
			isa = PBXSourcesBuildPhase;
			buildActionMask = 2147483647;
			files = (
				A37C9D2819D51CE10033E40D /* ViewController.m in Sources */,
				A37C9D2519D51CE10033E40D /* AppDelegate.m in Sources */,
				A37C9D2219D51CE10033E40D /* main.m in Sources */,
			);
			runOnlyForDeploymentPostprocessing = 0;
		};
		A37C9D3119D51CE10033E40D /* Sources */ = {
			isa = PBXSourcesBuildPhase;
			buildActionMask = 2147483647;
			files = (
				A37C9D3C19D51CE10033E40D /* CGPath_1Tests.m in Sources */,
			);
			runOnlyForDeploymentPostprocessing = 0;
		};
/* End PBXSourcesBuildPhase section */

/* Begin PBXTargetDependency section */
		A37C9D3719D51CE10033E40D /* PBXTargetDependency */ = {
			isa = PBXTargetDependency;
			target = A37C9D1B19D51CE10033E40D /* CGPath.1 */;
			targetProxy = A37C9D3619D51CE10033E40D /* PBXContainerItemProxy */;
		};
/* End PBXTargetDependency section */

/* Begin PBXVariantGroup section */
		A37C9D2919D51CE10033E40D /* Main.storyboard */ = {
			isa = PBXVariantGroup;
			children = (
				A37C9D2A19D51CE10033E40D /* Base */,
			);
			name = Main.storyboard;
			sourceTree = "<group>";
		};
		A37C9D2E19D51CE10033E40D /* LaunchScreen.xib */ = {
			isa = PBXVariantGroup;
			children = (
				A37C9D2F19D51CE10033E40D /* Base */,
			);
			name = LaunchScreen.xib;
			sourceTree = "<group>";
		};
/* End PBXVariantGroup section */

/* Begin XCBuildConfiguration section */
		A37C9D3D19D51CE10033E40D /* Debug */ = {
			isa = XCBuildConfiguration;
			buildSettings = {
				ALWAYS_SEARCH_USER_PATHS = NO;
				CLANG_CXX_LANGUAGE_STANDARD = "gnu++0x";
				CLANG_CXX_LIBRARY = "libc++";
				CLANG_ENABLE_MODULES = YES;
				CLANG_ENABLE_OBJC_ARC = YES;
				CLANG_WARN_BOOL_CONVERSION = YES;
				CLANG_WARN_CONSTANT_CONVERSION = YES;
				CLANG_WARN_DIRECT_OBJC_ISA_USAGE = YES_ERROR;
				CLANG_WARN_EMPTY_BODY = YES;
				CLANG_WARN_ENUM_CONVERSION = YES;
				CLANG_WARN_INT_CONVERSION = YES;
				CLANG_WARN_OBJC_ROOT_CLASS = YES_ERROR;
				CLANG_WARN_UNREACHABLE_CODE = YES;
				CLANG_WARN__DUPLICATE_METHOD_MATCH = YES;
				"CODE_SIGN_IDENTITY[sdk=iphoneos*]" = "iPhone Developer";
				COPY_PHASE_STRIP = NO;
				ENABLE_STRICT_OBJC_MSGSEND = YES;
				GCC_C_LANGUAGE_STANDARD = gnu99;
				GCC_DYNAMIC_NO_PIC = NO;
				GCC_OPTIMIZATION_LEVEL = 0;
				GCC_PREPROCESSOR_DEFINITIONS = (
					"DEBUG=1",
					"$(inherited)",
				);
				GCC_SYMBOLS_PRIVATE_EXTERN = NO;
				GCC_WARN_64_TO_32_BIT_CONVERSION = YES;
				GCC_WARN_ABOUT_RETURN_TYPE = YES_ERROR;
				GCC_WARN_UNDECLARED_SELECTOR = YES;
				GCC_WARN_UNINITIALIZED_AUTOS = YES_AGGRESSIVE;
				GCC_WARN_UNUSED_FUNCTION = YES;
				GCC_WARN_UNUSED_VARIABLE = YES;
				IPHONEOS_DEPLOYMENT_TARGET = 8.0;
				MTL_ENABLE_DEBUG_INFO = YES;
				ONLY_ACTIVE_ARCH = YES;
				SDKROOT = iphoneos;
			};
			name = Debug;
		};
		A37C9D3E19D51CE10033E40D /* Release */ = {
			isa = XCBuildConfiguration;
			buildSettings = {
				ALWAYS_SEARCH_USER_PATHS = NO;
				CLANG_CXX_LANGUAGE_STANDARD = "gnu++0x";
				CLANG_CXX_LIBRARY = "libc++";
				CLANG_ENABLE_MODULES = YES;
				CLANG_ENABLE_OBJC_ARC = YES;
				CLANG_WARN_BOOL_CONVERSION = YES;
				CLANG_WARN_CONSTANT_CONVERSION = YES;
				CLANG_WARN_DIRECT_OBJC_ISA_USAGE = YES_ERROR;
				CLANG_WARN_EMPTY_BODY = YES;
				CLANG_WARN_ENUM_CONVERSION = YES;
				CLANG_WARN_INT_CONVERSION = YES;
				CLANG_WARN_OBJC_ROOT_CLASS = YES_ERROR;
				CLANG_WARN_UNREACHABLE_CODE = YES;
				CLANG_WARN__DUPLICATE_METHOD_MATCH = YES;
				"CODE_SIGN_IDENTITY[sdk=iphoneos*]" = "iPhone Developer";
				COPY_PHASE_STRIP = YES;
				ENABLE_NS_ASSERTIONS = NO;
				ENABLE_STRICT_OBJC_MSGSEND = YES;
				GCC_C_LANGUAGE_STANDARD = gnu99;
				GCC_WARN_64_TO_32_BIT_CONVERSION = YES;
				GCC_WARN_ABOUT_RETURN_TYPE = YES_ERROR;
				GCC_WARN_UNDECLARED_SELECTOR = YES;
				GCC_WARN_UNINITIALIZED_AUTOS = YES_AGGRESSIVE;
				GCC_WARN_UNUSED_FUNCTION = YES;
				GCC_WARN_UNUSED_VARIABLE = YES;
				IPHONEOS_DEPLOYMENT_TARGET = 8.0;
				MTL_ENABLE_DEBUG_INFO = NO;
				SDKROOT = iphoneos;
				VALIDATE_PRODUCT = YES;
			};
			name = Release;
		};
		A37C9D4019D51CE10033E40D /* Debug */ = {
			isa = XCBuildConfiguration;
			buildSettings = {
				ASSETCATALOG_COMPILER_APPICON_NAME = AppIcon;
				INFOPLIST_FILE = CGPath.1/Info.plist;
				LD_RUNPATH_SEARCH_PATHS = "$(inherited) @executable_path/Frameworks";
				PRODUCT_NAME = "$(TARGET_NAME)";
			};
			name = Debug;
		};
		A37C9D4119D51CE10033E40D /* Release */ = {
			isa = XCBuildConfiguration;
			buildSettings = {
				ASSETCATALOG_COMPILER_APPICON_NAME = AppIcon;
				INFOPLIST_FILE = CGPath.1/Info.plist;
				LD_RUNPATH_SEARCH_PATHS = "$(inherited) @executable_path/Frameworks";
				PRODUCT_NAME = "$(TARGET_NAME)";
			};
			name = Release;
		};
		A37C9D4319D51CE10033E40D /* Debug */ = {
			isa = XCBuildConfiguration;
			buildSettings = {
				BUNDLE_LOADER = "$(TEST_HOST)";
				FRAMEWORK_SEARCH_PATHS = (
					"$(SDKROOT)/Developer/Library/Frameworks",
					"$(inherited)",
				);
				GCC_PREPROCESSOR_DEFINITIONS = (
					"DEBUG=1",
					"$(inherited)",
				);
				INFOPLIST_FILE = CGPath.1Tests/Info.plist;
				LD_RUNPATH_SEARCH_PATHS = "$(inherited) @executable_path/Frameworks @loader_path/Frameworks";
				PRODUCT_NAME = "$(TARGET_NAME)";
				TEST_HOST = "$(BUILT_PRODUCTS_DIR)/CGPath.1.app/CGPath.1";
			};
			name = Debug;
		};
		A37C9D4419D51CE10033E40D /* Release */ = {
			isa = XCBuildConfiguration;
			buildSettings = {
				BUNDLE_LOADER = "$(TEST_HOST)";
				FRAMEWORK_SEARCH_PATHS = (
					"$(SDKROOT)/Developer/Library/Frameworks",
					"$(inherited)",
				);
				INFOPLIST_FILE = CGPath.1Tests/Info.plist;
				LD_RUNPATH_SEARCH_PATHS = "$(inherited) @executable_path/Frameworks @loader_path/Frameworks";
				PRODUCT_NAME = "$(TARGET_NAME)";
				TEST_HOST = "$(BUILT_PRODUCTS_DIR)/CGPath.1.app/CGPath.1";
			};
			name = Release;
		};
/* End XCBuildConfiguration section */

/* Begin XCConfigurationList section */
		A37C9D1719D51CE10033E40D /* Build configuration list for PBXProject "CGPath.1" */ = {
			isa = XCConfigurationList;
			buildConfigurations = (
				A37C9D3D19D51CE10033E40D /* Debug */,
				A37C9D3E19D51CE10033E40D /* Release */,
			);
			defaultConfigurationIsVisible = 0;
			defaultConfigurationName = Release;
		};
		A37C9D3F19D51CE10033E40D /* Build configuration list for PBXNativeTarget "CGPath.1" */ = {
			isa = XCConfigurationList;
			buildConfigurations = (
				A37C9D4019D51CE10033E40D /* Debug */,
				A37C9D4119D51CE10033E40D /* Release */,
			);
			defaultConfigurationIsVisible = 0;
		};
		A37C9D4219D51CE10033E40D /* Build configuration list for PBXNativeTarget "CGPath.1Tests" */ = {
			isa = XCConfigurationList;
			buildConfigurations = (
				A37C9D4319D51CE10033E40D /* Debug */,
				A37C9D4419D51CE10033E40D /* Release */,
			);
			defaultConfigurationIsVisible = 0;
		};
/* End XCConfigurationList section */
	};
	rootObject = A37C9D1419D51CE10033E40D /* Project object */;
}
