// !$*UTF8*$!
{
	archiveVersion = 1;
	classes = {
	};
	objectVersion = 46;
	objects = {

/* Begin PBXBuildFile section */
		A306704019D8141B00876120 /* main.m in Sources */ = {isa = PBXBuildFile; fileRef = A306703F19D8141B00876120 /* main.m */; };
		A306704319D8141B00876120 /* AppDelegate.m in Sources */ = {isa = PBXBuildFile; fileRef = A306704219D8141B00876120 /* AppDelegate.m */; };
		A306704619D8141B00876120 /* ViewController.m in Sources */ = {isa = PBXBuildFile; fileRef = A306704519D8141B00876120 /* ViewController.m */; };
		A306704919D8141B00876120 /* Main.storyboard in Resources */ = {isa = PBXBuildFile; fileRef = A306704719D8141B00876120 /* Main.storyboard */; };
		A306704B19D8141B00876120 /* Images.xcassets in Resources */ = {isa = PBXBuildFile; fileRef = A306704A19D8141B00876120 /* Images.xcassets */; };
		A306704E19D8141B00876120 /* LaunchScreen.xib in Resources */ = {isa = PBXBuildFile; fileRef = A306704C19D8141B00876120 /* LaunchScreen.xib */; };
		A306705A19D8141B00876120 /* ActionForLayerForKeyTests.m in Sources */ = {isa = PBXBuildFile; fileRef = A306705919D8141B00876120 /* ActionForLayerForKeyTests.m */; };
/* End PBXBuildFile section */

/* Begin PBXContainerItemProxy section */
		A306705419D8141B00876120 /* PBXContainerItemProxy */ = {
			isa = PBXContainerItemProxy;
			containerPortal = A306703219D8141B00876120 /* Project object */;
			proxyType = 1;
			remoteGlobalIDString = A306703919D8141B00876120;
			remoteInfo = ActionForLayerForKey;
		};
/* End PBXContainerItemProxy section */

/* Begin PBXFileReference section */
		A306703A19D8141B00876120 /* ActionForLayerForKey.app */ = {isa = PBXFileReference; explicitFileType = wrapper.application; includeInIndex = 0; path = ActionForLayerForKey.app; sourceTree = BUILT_PRODUCTS_DIR; };
		A306703E19D8141B00876120 /* Info.plist */ = {isa = PBXFileReference; lastKnownFileType = text.plist.xml; path = Info.plist; sourceTree = "<group>"; };
		A306703F19D8141B00876120 /* main.m */ = {isa = PBXFileReference; lastKnownFileType = sourcecode.c.objc; path = main.m; sourceTree = "<group>"; };
		A306704119D8141B00876120 /* AppDelegate.h */ = {isa = PBXFileReference; lastKnownFileType = sourcecode.c.h; path = AppDelegate.h; sourceTree = "<group>"; };
		A306704219D8141B00876120 /* AppDelegate.m */ = {isa = PBXFileReference; lastKnownFileType = sourcecode.c.objc; path = AppDelegate.m; sourceTree = "<group>"; };
		A306704419D8141B00876120 /* ViewController.h */ = {isa = PBXFileReference; lastKnownFileType = sourcecode.c.h; path = ViewController.h; sourceTree = "<group>"; };
		A306704519D8141B00876120 /* ViewController.m */ = {isa = PBXFileReference; lastKnownFileType = sourcecode.c.objc; path = ViewController.m; sourceTree = "<group>"; };
		A306704819D8141B00876120 /* Base */ = {isa = PBXFileReference; lastKnownFileType = file.storyboard; name = Base; path = Base.lproj/Main.storyboard; sourceTree = "<group>"; };
		A306704A19D8141B00876120 /* Images.xcassets */ = {isa = PBXFileReference; lastKnownFileType = folder.assetcatalog; path = Images.xcassets; sourceTree = "<group>"; };
		A306704D19D8141B00876120 /* Base */ = {isa = PBXFileReference; lastKnownFileType = file.xib; name = Base; path = Base.lproj/LaunchScreen.xib; sourceTree = "<group>"; };
		A306705319D8141B00876120 /* ActionForLayerForKeyTests.xctest */ = {isa = PBXFileReference; explicitFileType = wrapper.cfbundle; includeInIndex = 0; path = ActionForLayerForKeyTests.xctest; sourceTree = BUILT_PRODUCTS_DIR; };
		A306705819D8141B00876120 /* Info.plist */ = {isa = PBXFileReference; lastKnownFileType = text.plist.xml; path = Info.plist; sourceTree = "<group>"; };
		A306705919D8141B00876120 /* ActionForLayerForKeyTests.m */ = {isa = PBXFileReference; lastKnownFileType = sourcecode.c.objc; path = ActionForLayerForKeyTests.m; sourceTree = "<group>"; };
/* End PBXFileReference section */

/* Begin PBXFrameworksBuildPhase section */
		A306703719D8141B00876120 /* Frameworks */ = {
			isa = PBXFrameworksBuildPhase;
			buildActionMask = 2147483647;
			files = (
			);
			runOnlyForDeploymentPostprocessing = 0;
		};
		A306705019D8141B00876120 /* Frameworks */ = {
			isa = PBXFrameworksBuildPhase;
			buildActionMask = 2147483647;
			files = (
			);
			runOnlyForDeploymentPostprocessing = 0;
		};
/* End PBXFrameworksBuildPhase section */

/* Begin PBXGroup section */
		A306703119D8141B00876120 = {
			isa = PBXGroup;
			children = (
				A306703C19D8141B00876120 /* ActionForLayerForKey */,
				A306705619D8141B00876120 /* ActionForLayerForKeyTests */,
				A306703B19D8141B00876120 /* Products */,
			);
			sourceTree = "<group>";
		};
		A306703B19D8141B00876120 /* Products */ = {
			isa = PBXGroup;
			children = (
				A306703A19D8141B00876120 /* ActionForLayerForKey.app */,
				A306705319D8141B00876120 /* ActionForLayerForKeyTests.xctest */,
			);
			name = Products;
			sourceTree = "<group>";
		};
		A306703C19D8141B00876120 /* ActionForLayerForKey */ = {
			isa = PBXGroup;
			children = (
				A306704119D8141B00876120 /* AppDelegate.h */,
				A306704219D8141B00876120 /* AppDelegate.m */,
				A306704419D8141B00876120 /* ViewController.h */,
				A306704519D8141B00876120 /* ViewController.m */,
				A306704719D8141B00876120 /* Main.storyboard */,
				A306704A19D8141B00876120 /* Images.xcassets */,
				A306704C19D8141B00876120 /* LaunchScreen.xib */,
				A306703D19D8141B00876120 /* Supporting Files */,
			);
			path = ActionForLayerForKey;
			sourceTree = "<group>";
		};
		A306703D19D8141B00876120 /* Supporting Files */ = {
			isa = PBXGroup;
			children = (
				A306703E19D8141B00876120 /* Info.plist */,
				A306703F19D8141B00876120 /* main.m */,
			);
			name = "Supporting Files";
			sourceTree = "<group>";
		};
		A306705619D8141B00876120 /* ActionForLayerForKeyTests */ = {
			isa = PBXGroup;
			children = (
				A306705919D8141B00876120 /* ActionForLayerForKeyTests.m */,
				A306705719D8141B00876120 /* Supporting Files */,
			);
			path = ActionForLayerForKeyTests;
			sourceTree = "<group>";
		};
		A306705719D8141B00876120 /* Supporting Files */ = {
			isa = PBXGroup;
			children = (
				A306705819D8141B00876120 /* Info.plist */,
			);
			name = "Supporting Files";
			sourceTree = "<group>";
		};
/* End PBXGroup section */

/* Begin PBXNativeTarget section */
		A306703919D8141B00876120 /* ActionForLayerForKey */ = {
			isa = PBXNativeTarget;
			buildConfigurationList = A306705D19D8141B00876120 /* Build configuration list for PBXNativeTarget "ActionForLayerForKey" */;
			buildPhases = (
				A306703619D8141B00876120 /* Sources */,
				A306703719D8141B00876120 /* Frameworks */,
				A306703819D8141B00876120 /* Resources */,
			);
			buildRules = (
			);
			dependencies = (
			);
			name = ActionForLayerForKey;
			productName = ActionForLayerForKey;
			productReference = A306703A19D8141B00876120 /* ActionForLayerForKey.app */;
			productType = "com.apple.product-type.application";
		};
		A306705219D8141B00876120 /* ActionForLayerForKeyTests */ = {
			isa = PBXNativeTarget;
			buildConfigurationList = A306706019D8141B00876120 /* Build configuration list for PBXNativeTarget "ActionForLayerForKeyTests" */;
			buildPhases = (
				A306704F19D8141B00876120 /* Sources */,
				A306705019D8141B00876120 /* Frameworks */,
				A306705119D8141B00876120 /* Resources */,
			);
			buildRules = (
			);
			dependencies = (
				A306705519D8141B00876120 /* PBXTargetDependency */,
			);
			name = ActionForLayerForKeyTests;
			productName = ActionForLayerForKeyTests;
			productReference = A306705319D8141B00876120 /* ActionForLayerForKeyTests.xctest */;
			productType = "com.apple.product-type.bundle.unit-test";
		};
/* End PBXNativeTarget section */

/* Begin PBXProject section */
		A306703219D8141B00876120 /* Project object */ = {
			isa = PBXProject;
			attributes = {
				LastUpgradeCheck = 0600;
				ORGANIZATIONNAME = "Vinh nguyen";
				TargetAttributes = {
					A306703919D8141B00876120 = {
						CreatedOnToolsVersion = 6.0.1;
					};
					A306705219D8141B00876120 = {
						CreatedOnToolsVersion = 6.0.1;
						TestTargetID = A306703919D8141B00876120;
					};
				};
			};
			buildConfigurationList = A306703519D8141B00876120 /* Build configuration list for PBXProject "ActionForLayerForKey" */;
			compatibilityVersion = "Xcode 3.2";
			developmentRegion = English;
			hasScannedForEncodings = 0;
			knownRegions = (
				en,
				Base,
			);
			mainGroup = A306703119D8141B00876120;
			productRefGroup = A306703B19D8141B00876120 /* Products */;
			projectDirPath = "";
			projectRoot = "";
			targets = (
				A306703919D8141B00876120 /* ActionForLayerForKey */,
				A306705219D8141B00876120 /* ActionForLayerForKeyTests */,
			);
		};
/* End PBXProject section */

/* Begin PBXResourcesBuildPhase section */
		A306703819D8141B00876120 /* Resources */ = {
			isa = PBXResourcesBuildPhase;
			buildActionMask = 2147483647;
			files = (
				A306704919D8141B00876120 /* Main.storyboard in Resources */,
				A306704E19D8141B00876120 /* LaunchScreen.xib in Resources */,
				A306704B19D8141B00876120 /* Images.xcassets in Resources */,
			);
			runOnlyForDeploymentPostprocessing = 0;
		};
		A306705119D8141B00876120 /* Resources */ = {
			isa = PBXResourcesBuildPhase;
			buildActionMask = 2147483647;
			files = (
			);
			runOnlyForDeploymentPostprocessing = 0;
		};
/* End PBXResourcesBuildPhase section */

/* Begin PBXSourcesBuildPhase section */
		A306703619D8141B00876120 /* Sources */ = {
			isa = PBXSourcesBuildPhase;
			buildActionMask = 2147483647;
			files = (
				A306704619D8141B00876120 /* ViewController.m in Sources */,
				A306704319D8141B00876120 /* AppDelegate.m in Sources */,
				A306704019D8141B00876120 /* main.m in Sources */,
			);
			runOnlyForDeploymentPostprocessing = 0;
		};
		A306704F19D8141B00876120 /* Sources */ = {
			isa = PBXSourcesBuildPhase;
			buildActionMask = 2147483647;
			files = (
				A306705A19D8141B00876120 /* ActionForLayerForKeyTests.m in Sources */,
			);
			runOnlyForDeploymentPostprocessing = 0;
		};
/* End PBXSourcesBuildPhase section */

/* Begin PBXTargetDependency section */
		A306705519D8141B00876120 /* PBXTargetDependency */ = {
			isa = PBXTargetDependency;
			target = A306703919D8141B00876120 /* ActionForLayerForKey */;
			targetProxy = A306705419D8141B00876120 /* PBXContainerItemProxy */;
		};
/* End PBXTargetDependency section */

/* Begin PBXVariantGroup section */
		A306704719D8141B00876120 /* Main.storyboard */ = {
			isa = PBXVariantGroup;
			children = (
				A306704819D8141B00876120 /* Base */,
			);
			name = Main.storyboard;
			sourceTree = "<group>";
		};
		A306704C19D8141B00876120 /* LaunchScreen.xib */ = {
			isa = PBXVariantGroup;
			children = (
				A306704D19D8141B00876120 /* Base */,
			);
			name = LaunchScreen.xib;
			sourceTree = "<group>";
		};
/* End PBXVariantGroup section */

/* Begin XCBuildConfiguration section */
		A306705B19D8141B00876120 /* Debug */ = {
			isa = XCBuildConfiguration;
			buildSettings = {
				ALWAYS_SEARCH_USER_PATHS = NO;
				CLANG_CXX_LANGUAGE_STANDARD = "gnu++0x";
				CLANG_CXX_LIBRARY = "libc++";
				CLANG_ENABLE_MODULES = YES;
				CLANG_ENABLE_OBJC_ARC = YES;
				CLANG_WARN_BOOL_CONVERSION = YES;
				CLANG_WARN_CONSTANT_CONVERSION = YES;
				CLANG_WARN_DIRECT_OBJC_ISA_USAGE = YES_ERROR;
				CLANG_WARN_EMPTY_BODY = YES;
				CLANG_WARN_ENUM_CONVERSION = YES;
				CLANG_WARN_INT_CONVERSION = YES;
				CLANG_WARN_OBJC_ROOT_CLASS = YES_ERROR;
				CLANG_WARN_UNREACHABLE_CODE = YES;
				CLANG_WARN__DUPLICATE_METHOD_MATCH = YES;
				"CODE_SIGN_IDENTITY[sdk=iphoneos*]" = "iPhone Developer";
				COPY_PHASE_STRIP = NO;
				ENABLE_STRICT_OBJC_MSGSEND = YES;
				GCC_C_LANGUAGE_STANDARD = gnu99;
				GCC_DYNAMIC_NO_PIC = NO;
				GCC_OPTIMIZATION_LEVEL = 0;
				GCC_PREPROCESSOR_DEFINITIONS = (
					"DEBUG=1",
					"$(inherited)",
				);
				GCC_SYMBOLS_PRIVATE_EXTERN = NO;
				GCC_WARN_64_TO_32_BIT_CONVERSION = YES;
				GCC_WARN_ABOUT_RETURN_TYPE = YES_ERROR;
				GCC_WARN_UNDECLARED_SELECTOR = YES;
				GCC_WARN_UNINITIALIZED_AUTOS = YES_AGGRESSIVE;
				GCC_WARN_UNUSED_FUNCTION = YES;
				GCC_WARN_UNUSED_VARIABLE = YES;
				IPHONEOS_DEPLOYMENT_TARGET = 8.0;
				MTL_ENABLE_DEBUG_INFO = YES;
				ONLY_ACTIVE_ARCH = YES;
				SDKROOT = iphoneos;
			};
			name = Debug;
		};
		A306705C19D8141B00876120 /* Release */ = {
			isa = XCBuildConfiguration;
			buildSettings = {
				ALWAYS_SEARCH_USER_PATHS = NO;
				CLANG_CXX_LANGUAGE_STANDARD = "gnu++0x";
				CLANG_CXX_LIBRARY = "libc++";
				CLANG_ENABLE_MODULES = YES;
				CLANG_ENABLE_OBJC_ARC = YES;
				CLANG_WARN_BOOL_CONVERSION = YES;
				CLANG_WARN_CONSTANT_CONVERSION = YES;
				CLANG_WARN_DIRECT_OBJC_ISA_USAGE = YES_ERROR;
				CLANG_WARN_EMPTY_BODY = YES;
				CLANG_WARN_ENUM_CONVERSION = YES;
				CLANG_WARN_INT_CONVERSION = YES;
				CLANG_WARN_OBJC_ROOT_CLASS = YES_ERROR;
				CLANG_WARN_UNREACHABLE_CODE = YES;
				CLANG_WARN__DUPLICATE_METHOD_MATCH = YES;
				"CODE_SIGN_IDENTITY[sdk=iphoneos*]" = "iPhone Developer";
				COPY_PHASE_STRIP = YES;
				ENABLE_NS_ASSERTIONS = NO;
				ENABLE_STRICT_OBJC_MSGSEND = YES;
				GCC_C_LANGUAGE_STANDARD = gnu99;
				GCC_WARN_64_TO_32_BIT_CONVERSION = YES;
				GCC_WARN_ABOUT_RETURN_TYPE = YES_ERROR;
				GCC_WARN_UNDECLARED_SELECTOR = YES;
				GCC_WARN_UNINITIALIZED_AUTOS = YES_AGGRESSIVE;
				GCC_WARN_UNUSED_FUNCTION = YES;
				GCC_WARN_UNUSED_VARIABLE = YES;
				IPHONEOS_DEPLOYMENT_TARGET = 8.0;
				MTL_ENABLE_DEBUG_INFO = NO;
				SDKROOT = iphoneos;
				VALIDATE_PRODUCT = YES;
			};
			name = Release;
		};
		A306705E19D8141B00876120 /* Debug */ = {
			isa = XCBuildConfiguration;
			buildSettings = {
				ASSETCATALOG_COMPILER_APPICON_NAME = AppIcon;
				INFOPLIST_FILE = ActionForLayerForKey/Info.plist;
				LD_RUNPATH_SEARCH_PATHS = "$(inherited) @executable_path/Frameworks";
				PRODUCT_NAME = "$(TARGET_NAME)";
			};
			name = Debug;
		};
		A306705F19D8141B00876120 /* Release */ = {
			isa = XCBuildConfiguration;
			buildSettings = {
				ASSETCATALOG_COMPILER_APPICON_NAME = AppIcon;
				INFOPLIST_FILE = ActionForLayerForKey/Info.plist;
				LD_RUNPATH_SEARCH_PATHS = "$(inherited) @executable_path/Frameworks";
				PRODUCT_NAME = "$(TARGET_NAME)";
			};
			name = Release;
		};
		A306706119D8141B00876120 /* Debug */ = {
			isa = XCBuildConfiguration;
			buildSettings = {
				BUNDLE_LOADER = "$(TEST_HOST)";
				FRAMEWORK_SEARCH_PATHS = (
					"$(SDKROOT)/Developer/Library/Frameworks",
					"$(inherited)",
				);
				GCC_PREPROCESSOR_DEFINITIONS = (
					"DEBUG=1",
					"$(inherited)",
				);
				INFOPLIST_FILE = ActionForLayerForKeyTests/Info.plist;
				LD_RUNPATH_SEARCH_PATHS = "$(inherited) @executable_path/Frameworks @loader_path/Frameworks";
				PRODUCT_NAME = "$(TARGET_NAME)";
				TEST_HOST = "$(BUILT_PRODUCTS_DIR)/ActionForLayerForKey.app/ActionForLayerForKey";
			};
			name = Debug;
		};
		A306706219D8141B00876120 /* Release */ = {
			isa = XCBuildConfiguration;
			buildSettings = {
				BUNDLE_LOADER = "$(TEST_HOST)";
				FRAMEWORK_SEARCH_PATHS = (
					"$(SDKROOT)/Developer/Library/Frameworks",
					"$(inherited)",
				);
				INFOPLIST_FILE = ActionForLayerForKeyTests/Info.plist;
				LD_RUNPATH_SEARCH_PATHS = "$(inherited) @executable_path/Frameworks @loader_path/Frameworks";
				PRODUCT_NAME = "$(TARGET_NAME)";
				TEST_HOST = "$(BUILT_PRODUCTS_DIR)/ActionForLayerForKey.app/ActionForLayerForKey";
			};
			name = Release;
		};
/* End XCBuildConfiguration section */

/* Begin XCConfigurationList section */
		A306703519D8141B00876120 /* Build configuration list for PBXProject "ActionForLayerForKey" */ = {
			isa = XCConfigurationList;
			buildConfigurations = (
				A306705B19D8141B00876120 /* Debug */,
				A306705C19D8141B00876120 /* Release */,
			);
			defaultConfigurationIsVisible = 0;
			defaultConfigurationName = Release;
		};
		A306705D19D8141B00876120 /* Build configuration list for PBXNativeTarget "ActionForLayerForKey" */ = {
			isa = XCConfigurationList;
			buildConfigurations = (
				A306705E19D8141B00876120 /* Debug */,
				A306705F19D8141B00876120 /* Release */,
			);
			defaultConfigurationIsVisible = 0;
		};
		A306706019D8141B00876120 /* Build configuration list for PBXNativeTarget "ActionForLayerForKeyTests" */ = {
			isa = XCConfigurationList;
			buildConfigurations = (
				A306706119D8141B00876120 /* Debug */,
				A306706219D8141B00876120 /* Release */,
			);
			defaultConfigurationIsVisible = 0;
		};
/* End XCConfigurationList section */
	};
	rootObject = A306703219D8141B00876120 /* Project object */;
}
