// !$*UTF8*$!
{
	archiveVersion = 1;
	classes = {
	};
	objectVersion = 46;
	objects = {

/* Begin PBXBuildFile section */
		A382F4EE19C45F4B0077297D /* main.m in Sources */ = {isa = PBXBuildFile; fileRef = A382F4ED19C45F4B0077297D /* main.m */; };
		A382F4F119C45F4B0077297D /* AppDelegate.m in Sources */ = {isa = PBXBuildFile; fileRef = A382F4F019C45F4B0077297D /* AppDelegate.m */; };
		A382F4F419C45F4B0077297D /* ViewController.m in Sources */ = {isa = PBXBuildFile; fileRef = A382F4F319C45F4B0077297D /* ViewController.m */; };
		A382F4F719C45F4B0077297D /* Main.storyboard in Resources */ = {isa = PBXBuildFile; fileRef = A382F4F519C45F4B0077297D /* Main.storyboard */; };
		A382F4F919C45F4B0077297D /* Images.xcassets in Resources */ = {isa = PBXBuildFile; fileRef = A382F4F819C45F4B0077297D /* Images.xcassets */; };
		A382F4FC19C45F4B0077297D /* LaunchScreen.xib in Resources */ = {isa = PBXBuildFile; fileRef = A382F4FA19C45F4B0077297D /* LaunchScreen.xib */; };
		A382F50819C45F4C0077297D /* CA4_6Tests.m in Sources */ = {isa = PBXBuildFile; fileRef = A382F50719C45F4C0077297D /* CA4_6Tests.m */; };
		A382F51219C45F5E0077297D /* lcd-digit.jpeg in Resources */ = {isa = PBXBuildFile; fileRef = A382F51119C45F5E0077297D /* lcd-digit.jpeg */; };
/* End PBXBuildFile section */

/* Begin PBXContainerItemProxy section */
		A382F50219C45F4C0077297D /* PBXContainerItemProxy */ = {
			isa = PBXContainerItemProxy;
			containerPortal = A382F4E019C45F4B0077297D /* Project object */;
			proxyType = 1;
			remoteGlobalIDString = A382F4E719C45F4B0077297D;
			remoteInfo = CA4.6;
		};
/* End PBXContainerItemProxy section */

/* Begin PBXFileReference section */
		A382F4E819C45F4B0077297D /* CA4.6.app */ = {isa = PBXFileReference; explicitFileType = wrapper.application; includeInIndex = 0; path = CA4.6.app; sourceTree = BUILT_PRODUCTS_DIR; };
		A382F4EC19C45F4B0077297D /* Info.plist */ = {isa = PBXFileReference; lastKnownFileType = text.plist.xml; path = Info.plist; sourceTree = "<group>"; };
		A382F4ED19C45F4B0077297D /* main.m */ = {isa = PBXFileReference; lastKnownFileType = sourcecode.c.objc; path = main.m; sourceTree = "<group>"; };
		A382F4EF19C45F4B0077297D /* AppDelegate.h */ = {isa = PBXFileReference; lastKnownFileType = sourcecode.c.h; path = AppDelegate.h; sourceTree = "<group>"; };
		A382F4F019C45F4B0077297D /* AppDelegate.m */ = {isa = PBXFileReference; lastKnownFileType = sourcecode.c.objc; path = AppDelegate.m; sourceTree = "<group>"; };
		A382F4F219C45F4B0077297D /* ViewController.h */ = {isa = PBXFileReference; lastKnownFileType = sourcecode.c.h; path = ViewController.h; sourceTree = "<group>"; };
		A382F4F319C45F4B0077297D /* ViewController.m */ = {isa = PBXFileReference; lastKnownFileType = sourcecode.c.objc; path = ViewController.m; sourceTree = "<group>"; };
		A382F4F619C45F4B0077297D /* Base */ = {isa = PBXFileReference; lastKnownFileType = file.storyboard; name = Base; path = Base.lproj/Main.storyboard; sourceTree = "<group>"; };
		A382F4F819C45F4B0077297D /* Images.xcassets */ = {isa = PBXFileReference; lastKnownFileType = folder.assetcatalog; path = Images.xcassets; sourceTree = "<group>"; };
		A382F4FB19C45F4B0077297D /* Base */ = {isa = PBXFileReference; lastKnownFileType = file.xib; name = Base; path = Base.lproj/LaunchScreen.xib; sourceTree = "<group>"; };
		A382F50119C45F4B0077297D /* CA4.6Tests.xctest */ = {isa = PBXFileReference; explicitFileType = wrapper.cfbundle; includeInIndex = 0; path = CA4.6Tests.xctest; sourceTree = BUILT_PRODUCTS_DIR; };
		A382F50619C45F4C0077297D /* Info.plist */ = {isa = PBXFileReference; lastKnownFileType = text.plist.xml; path = Info.plist; sourceTree = "<group>"; };
		A382F50719C45F4C0077297D /* CA4_6Tests.m */ = {isa = PBXFileReference; lastKnownFileType = sourcecode.c.objc; path = CA4_6Tests.m; sourceTree = "<group>"; };
		A382F51119C45F5E0077297D /* lcd-digit.jpeg */ = {isa = PBXFileReference; lastKnownFileType = image.jpeg; path = "lcd-digit.jpeg"; sourceTree = "<group>"; };
/* End PBXFileReference section */

/* Begin PBXFrameworksBuildPhase section */
		A382F4E519C45F4B0077297D /* Frameworks */ = {
			isa = PBXFrameworksBuildPhase;
			buildActionMask = 2147483647;
			files = (
			);
			runOnlyForDeploymentPostprocessing = 0;
		};
		A382F4FE19C45F4B0077297D /* Frameworks */ = {
			isa = PBXFrameworksBuildPhase;
			buildActionMask = 2147483647;
			files = (
			);
			runOnlyForDeploymentPostprocessing = 0;
		};
/* End PBXFrameworksBuildPhase section */

/* Begin PBXGroup section */
		A382F4DF19C45F4B0077297D = {
			isa = PBXGroup;
			children = (
				A382F4EA19C45F4B0077297D /* CA4.6 */,
				A382F50419C45F4C0077297D /* CA4.6Tests */,
				A382F4E919C45F4B0077297D /* Products */,
			);
			sourceTree = "<group>";
		};
		A382F4E919C45F4B0077297D /* Products */ = {
			isa = PBXGroup;
			children = (
				A382F4E819C45F4B0077297D /* CA4.6.app */,
				A382F50119C45F4B0077297D /* CA4.6Tests.xctest */,
			);
			name = Products;
			sourceTree = "<group>";
		};
		A382F4EA19C45F4B0077297D /* CA4.6 */ = {
			isa = PBXGroup;
			children = (
				A382F4EF19C45F4B0077297D /* AppDelegate.h */,
				A382F4F019C45F4B0077297D /* AppDelegate.m */,
				A382F4F219C45F4B0077297D /* ViewController.h */,
				A382F4F319C45F4B0077297D /* ViewController.m */,
				A382F4F519C45F4B0077297D /* Main.storyboard */,
				A382F4F819C45F4B0077297D /* Images.xcassets */,
				A382F4FA19C45F4B0077297D /* LaunchScreen.xib */,
				A382F4EB19C45F4B0077297D /* Supporting Files */,
			);
			path = CA4.6;
			sourceTree = "<group>";
		};
		A382F4EB19C45F4B0077297D /* Supporting Files */ = {
			isa = PBXGroup;
			children = (
				A382F51119C45F5E0077297D /* lcd-digit.jpeg */,
				A382F4EC19C45F4B0077297D /* Info.plist */,
				A382F4ED19C45F4B0077297D /* main.m */,
			);
			name = "Supporting Files";
			sourceTree = "<group>";
		};
		A382F50419C45F4C0077297D /* CA4.6Tests */ = {
			isa = PBXGroup;
			children = (
				A382F50719C45F4C0077297D /* CA4_6Tests.m */,
				A382F50519C45F4C0077297D /* Supporting Files */,
			);
			path = CA4.6Tests;
			sourceTree = "<group>";
		};
		A382F50519C45F4C0077297D /* Supporting Files */ = {
			isa = PBXGroup;
			children = (
				A382F50619C45F4C0077297D /* Info.plist */,
			);
			name = "Supporting Files";
			sourceTree = "<group>";
		};
/* End PBXGroup section */

/* Begin PBXNativeTarget section */
		A382F4E719C45F4B0077297D /* CA4.6 */ = {
			isa = PBXNativeTarget;
			buildConfigurationList = A382F50B19C45F4C0077297D /* Build configuration list for PBXNativeTarget "CA4.6" */;
			buildPhases = (
				A382F4E419C45F4B0077297D /* Sources */,
				A382F4E519C45F4B0077297D /* Frameworks */,
				A382F4E619C45F4B0077297D /* Resources */,
			);
			buildRules = (
			);
			dependencies = (
			);
			name = CA4.6;
			productName = CA4.6;
			productReference = A382F4E819C45F4B0077297D /* CA4.6.app */;
			productType = "com.apple.product-type.application";
		};
		A382F50019C45F4B0077297D /* CA4.6Tests */ = {
			isa = PBXNativeTarget;
			buildConfigurationList = A382F50E19C45F4C0077297D /* Build configuration list for PBXNativeTarget "CA4.6Tests" */;
			buildPhases = (
				A382F4FD19C45F4B0077297D /* Sources */,
				A382F4FE19C45F4B0077297D /* Frameworks */,
				A382F4FF19C45F4B0077297D /* Resources */,
			);
			buildRules = (
			);
			dependencies = (
				A382F50319C45F4C0077297D /* PBXTargetDependency */,
			);
			name = CA4.6Tests;
			productName = CA4.6Tests;
			productReference = A382F50119C45F4B0077297D /* CA4.6Tests.xctest */;
			productType = "com.apple.product-type.bundle.unit-test";
		};
/* End PBXNativeTarget section */

/* Begin PBXProject section */
		A382F4E019C45F4B0077297D /* Project object */ = {
			isa = PBXProject;
			attributes = {
				LastUpgradeCheck = 0600;
				ORGANIZATIONNAME = "Vinh nguyen";
				TargetAttributes = {
					A382F4E719C45F4B0077297D = {
						CreatedOnToolsVersion = 6.0;
					};
					A382F50019C45F4B0077297D = {
						CreatedOnToolsVersion = 6.0;
						TestTargetID = A382F4E719C45F4B0077297D;
					};
				};
			};
			buildConfigurationList = A382F4E319C45F4B0077297D /* Build configuration list for PBXProject "CA4.6" */;
			compatibilityVersion = "Xcode 3.2";
			developmentRegion = English;
			hasScannedForEncodings = 0;
			knownRegions = (
				en,
				Base,
			);
			mainGroup = A382F4DF19C45F4B0077297D;
			productRefGroup = A382F4E919C45F4B0077297D /* Products */;
			projectDirPath = "";
			projectRoot = "";
			targets = (
				A382F4E719C45F4B0077297D /* CA4.6 */,
				A382F50019C45F4B0077297D /* CA4.6Tests */,
			);
		};
/* End PBXProject section */

/* Begin PBXResourcesBuildPhase section */
		A382F4E619C45F4B0077297D /* Resources */ = {
			isa = PBXResourcesBuildPhase;
			buildActionMask = 2147483647;
			files = (
				A382F4F719C45F4B0077297D /* Main.storyboard in Resources */,
				A382F4FC19C45F4B0077297D /* LaunchScreen.xib in Resources */,
				A382F4F919C45F4B0077297D /* Images.xcassets in Resources */,
				A382F51219C45F5E0077297D /* lcd-digit.jpeg in Resources */,
			);
			runOnlyForDeploymentPostprocessing = 0;
		};
		A382F4FF19C45F4B0077297D /* Resources */ = {
			isa = PBXResourcesBuildPhase;
			buildActionMask = 2147483647;
			files = (
			);
			runOnlyForDeploymentPostprocessing = 0;
		};
/* End PBXResourcesBuildPhase section */

/* Begin PBXSourcesBuildPhase section */
		A382F4E419C45F4B0077297D /* Sources */ = {
			isa = PBXSourcesBuildPhase;
			buildActionMask = 2147483647;
			files = (
				A382F4F419C45F4B0077297D /* ViewController.m in Sources */,
				A382F4F119C45F4B0077297D /* AppDelegate.m in Sources */,
				A382F4EE19C45F4B0077297D /* main.m in Sources */,
			);
			runOnlyForDeploymentPostprocessing = 0;
		};
		A382F4FD19C45F4B0077297D /* Sources */ = {
			isa = PBXSourcesBuildPhase;
			buildActionMask = 2147483647;
			files = (
				A382F50819C45F4C0077297D /* CA4_6Tests.m in Sources */,
			);
			runOnlyForDeploymentPostprocessing = 0;
		};
/* End PBXSourcesBuildPhase section */

/* Begin PBXTargetDependency section */
		A382F50319C45F4C0077297D /* PBXTargetDependency */ = {
			isa = PBXTargetDependency;
			target = A382F4E719C45F4B0077297D /* CA4.6 */;
			targetProxy = A382F50219C45F4C0077297D /* PBXContainerItemProxy */;
		};
/* End PBXTargetDependency section */

/* Begin PBXVariantGroup section */
		A382F4F519C45F4B0077297D /* Main.storyboard */ = {
			isa = PBXVariantGroup;
			children = (
				A382F4F619C45F4B0077297D /* Base */,
			);
			name = Main.storyboard;
			sourceTree = "<group>";
		};
		A382F4FA19C45F4B0077297D /* LaunchScreen.xib */ = {
			isa = PBXVariantGroup;
			children = (
				A382F4FB19C45F4B0077297D /* Base */,
			);
			name = LaunchScreen.xib;
			sourceTree = "<group>";
		};
/* End PBXVariantGroup section */

/* Begin XCBuildConfiguration section */
		A382F50919C45F4C0077297D /* Debug */ = {
			isa = XCBuildConfiguration;
			buildSettings = {
				ALWAYS_SEARCH_USER_PATHS = NO;
				CLANG_CXX_LANGUAGE_STANDARD = "gnu++0x";
				CLANG_CXX_LIBRARY = "libc++";
				CLANG_ENABLE_MODULES = YES;
				CLANG_ENABLE_OBJC_ARC = YES;
				CLANG_WARN_BOOL_CONVERSION = YES;
				CLANG_WARN_CONSTANT_CONVERSION = YES;
				CLANG_WARN_DIRECT_OBJC_ISA_USAGE = YES_ERROR;
				CLANG_WARN_EMPTY_BODY = YES;
				CLANG_WARN_ENUM_CONVERSION = YES;
				CLANG_WARN_INT_CONVERSION = YES;
				CLANG_WARN_OBJC_ROOT_CLASS = YES_ERROR;
				CLANG_WARN_UNREACHABLE_CODE = YES;
				CLANG_WARN__DUPLICATE_METHOD_MATCH = YES;
				"CODE_SIGN_IDENTITY[sdk=iphoneos*]" = "iPhone Developer";
				COPY_PHASE_STRIP = NO;
				ENABLE_STRICT_OBJC_MSGSEND = YES;
				GCC_C_LANGUAGE_STANDARD = gnu99;
				GCC_DYNAMIC_NO_PIC = NO;
				GCC_OPTIMIZATION_LEVEL = 0;
				GCC_PREPROCESSOR_DEFINITIONS = (
					"DEBUG=1",
					"$(inherited)",
				);
				GCC_SYMBOLS_PRIVATE_EXTERN = NO;
				GCC_WARN_64_TO_32_BIT_CONVERSION = YES;
				GCC_WARN_ABOUT_RETURN_TYPE = YES_ERROR;
				GCC_WARN_UNDECLARED_SELECTOR = YES;
				GCC_WARN_UNINITIALIZED_AUTOS = YES_AGGRESSIVE;
				GCC_WARN_UNUSED_FUNCTION = YES;
				GCC_WARN_UNUSED_VARIABLE = YES;
				IPHONEOS_DEPLOYMENT_TARGET = 8.0;
				MTL_ENABLE_DEBUG_INFO = YES;
				ONLY_ACTIVE_ARCH = YES;
				SDKROOT = iphoneos;
			};
			name = Debug;
		};
		A382F50A19C45F4C0077297D /* Release */ = {
			isa = XCBuildConfiguration;
			buildSettings = {
				ALWAYS_SEARCH_USER_PATHS = NO;
				CLANG_CXX_LANGUAGE_STANDARD = "gnu++0x";
				CLANG_CXX_LIBRARY = "libc++";
				CLANG_ENABLE_MODULES = YES;
				CLANG_ENABLE_OBJC_ARC = YES;
				CLANG_WARN_BOOL_CONVERSION = YES;
				CLANG_WARN_CONSTANT_CONVERSION = YES;
				CLANG_WARN_DIRECT_OBJC_ISA_USAGE = YES_ERROR;
				CLANG_WARN_EMPTY_BODY = YES;
				CLANG_WARN_ENUM_CONVERSION = YES;
				CLANG_WARN_INT_CONVERSION = YES;
				CLANG_WARN_OBJC_ROOT_CLASS = YES_ERROR;
				CLANG_WARN_UNREACHABLE_CODE = YES;
				CLANG_WARN__DUPLICATE_METHOD_MATCH = YES;
				"CODE_SIGN_IDENTITY[sdk=iphoneos*]" = "iPhone Developer";
				COPY_PHASE_STRIP = YES;
				ENABLE_NS_ASSERTIONS = NO;
				ENABLE_STRICT_OBJC_MSGSEND = YES;
				GCC_C_LANGUAGE_STANDARD = gnu99;
				GCC_WARN_64_TO_32_BIT_CONVERSION = YES;
				GCC_WARN_ABOUT_RETURN_TYPE = YES_ERROR;
				GCC_WARN_UNDECLARED_SELECTOR = YES;
				GCC_WARN_UNINITIALIZED_AUTOS = YES_AGGRESSIVE;
				GCC_WARN_UNUSED_FUNCTION = YES;
				GCC_WARN_UNUSED_VARIABLE = YES;
				IPHONEOS_DEPLOYMENT_TARGET = 8.0;
				MTL_ENABLE_DEBUG_INFO = NO;
				SDKROOT = iphoneos;
				VALIDATE_PRODUCT = YES;
			};
			name = Release;
		};
		A382F50C19C45F4C0077297D /* Debug */ = {
			isa = XCBuildConfiguration;
			buildSettings = {
				ASSETCATALOG_COMPILER_APPICON_NAME = AppIcon;
				INFOPLIST_FILE = CA4.6/Info.plist;
				LD_RUNPATH_SEARCH_PATHS = "$(inherited) @executable_path/Frameworks";
				PRODUCT_NAME = "$(TARGET_NAME)";
			};
			name = Debug;
		};
		A382F50D19C45F4C0077297D /* Release */ = {
			isa = XCBuildConfiguration;
			buildSettings = {
				ASSETCATALOG_COMPILER_APPICON_NAME = AppIcon;
				INFOPLIST_FILE = CA4.6/Info.plist;
				LD_RUNPATH_SEARCH_PATHS = "$(inherited) @executable_path/Frameworks";
				PRODUCT_NAME = "$(TARGET_NAME)";
			};
			name = Release;
		};
		A382F50F19C45F4C0077297D /* Debug */ = {
			isa = XCBuildConfiguration;
			buildSettings = {
				BUNDLE_LOADER = "$(TEST_HOST)";
				FRAMEWORK_SEARCH_PATHS = (
					"$(SDKROOT)/Developer/Library/Frameworks",
					"$(inherited)",
				);
				GCC_PREPROCESSOR_DEFINITIONS = (
					"DEBUG=1",
					"$(inherited)",
				);
				INFOPLIST_FILE = CA4.6Tests/Info.plist;
				LD_RUNPATH_SEARCH_PATHS = "$(inherited) @executable_path/Frameworks @loader_path/Frameworks";
				PRODUCT_NAME = "$(TARGET_NAME)";
				TEST_HOST = "$(BUILT_PRODUCTS_DIR)/CA4.6.app/CA4.6";
			};
			name = Debug;
		};
		A382F51019C45F4C0077297D /* Release */ = {
			isa = XCBuildConfiguration;
			buildSettings = {
				BUNDLE_LOADER = "$(TEST_HOST)";
				FRAMEWORK_SEARCH_PATHS = (
					"$(SDKROOT)/Developer/Library/Frameworks",
					"$(inherited)",
				);
				INFOPLIST_FILE = CA4.6Tests/Info.plist;
				LD_RUNPATH_SEARCH_PATHS = "$(inherited) @executable_path/Frameworks @loader_path/Frameworks";
				PRODUCT_NAME = "$(TARGET_NAME)";
				TEST_HOST = "$(BUILT_PRODUCTS_DIR)/CA4.6.app/CA4.6";
			};
			name = Release;
		};
/* End XCBuildConfiguration section */

/* Begin XCConfigurationList section */
		A382F4E319C45F4B0077297D /* Build configuration list for PBXProject "CA4.6" */ = {
			isa = XCConfigurationList;
			buildConfigurations = (
				A382F50919C45F4C0077297D /* Debug */,
				A382F50A19C45F4C0077297D /* Release */,
			);
			defaultConfigurationIsVisible = 0;
			defaultConfigurationName = Release;
		};
		A382F50B19C45F4C0077297D /* Build configuration list for PBXNativeTarget "CA4.6" */ = {
			isa = XCConfigurationList;
			buildConfigurations = (
				A382F50C19C45F4C0077297D /* Debug */,
				A382F50D19C45F4C0077297D /* Release */,
			);
			defaultConfigurationIsVisible = 0;
		};
		A382F50E19C45F4C0077297D /* Build configuration list for PBXNativeTarget "CA4.6Tests" */ = {
			isa = XCConfigurationList;
			buildConfigurations = (
				A382F50F19C45F4C0077297D /* Debug */,
				A382F51019C45F4C0077297D /* Release */,
			);
			defaultConfigurationIsVisible = 0;
		};
/* End XCConfigurationList section */
	};
	rootObject = A382F4E019C45F4B0077297D /* Project object */;
}
