// !$*UTF8*$!
{
	archiveVersion = 1;
	classes = {
	};
	objectVersion = 46;
	objects = {

/* Begin PBXBuildFile section */
		A3D2C0F319E67E3400E495D6 /* main.m in Sources */ = {isa = PBXBuildFile; fileRef = A3D2C0F219E67E3400E495D6 /* main.m */; };
		A3D2C0F619E67E3400E495D6 /* AppDelegate.m in Sources */ = {isa = PBXBuildFile; fileRef = A3D2C0F519E67E3400E495D6 /* AppDelegate.m */; };
		A3D2C0F919E67E3400E495D6 /* ViewController.m in Sources */ = {isa = PBXBuildFile; fileRef = A3D2C0F819E67E3400E495D6 /* ViewController.m */; };
		A3D2C0FC19E67E3400E495D6 /* Main.storyboard in Resources */ = {isa = PBXBuildFile; fileRef = A3D2C0FA19E67E3400E495D6 /* Main.storyboard */; };
		A3D2C0FE19E67E3400E495D6 /* Images.xcassets in Resources */ = {isa = PBXBuildFile; fileRef = A3D2C0FD19E67E3400E495D6 /* Images.xcassets */; };
		A3D2C10119E67E3400E495D6 /* LaunchScreen.xib in Resources */ = {isa = PBXBuildFile; fileRef = A3D2C0FF19E67E3400E495D6 /* LaunchScreen.xib */; };
		A3D2C10D19E67E3400E495D6 /* AdaptiveLayout1Tests.m in Sources */ = {isa = PBXBuildFile; fileRef = A3D2C10C19E67E3400E495D6 /* AdaptiveLayout1Tests.m */; };
/* End PBXBuildFile section */

/* Begin PBXContainerItemProxy section */
		A3D2C10719E67E3400E495D6 /* PBXContainerItemProxy */ = {
			isa = PBXContainerItemProxy;
			containerPortal = A3D2C0E519E67E3400E495D6 /* Project object */;
			proxyType = 1;
			remoteGlobalIDString = A3D2C0EC19E67E3400E495D6;
			remoteInfo = AdaptiveLayout1;
		};
/* End PBXContainerItemProxy section */

/* Begin PBXFileReference section */
		A3D2C0ED19E67E3400E495D6 /* AdaptiveLayout1.app */ = {isa = PBXFileReference; explicitFileType = wrapper.application; includeInIndex = 0; path = AdaptiveLayout1.app; sourceTree = BUILT_PRODUCTS_DIR; };
		A3D2C0F119E67E3400E495D6 /* Info.plist */ = {isa = PBXFileReference; lastKnownFileType = text.plist.xml; path = Info.plist; sourceTree = "<group>"; };
		A3D2C0F219E67E3400E495D6 /* main.m */ = {isa = PBXFileReference; lastKnownFileType = sourcecode.c.objc; path = main.m; sourceTree = "<group>"; };
		A3D2C0F419E67E3400E495D6 /* AppDelegate.h */ = {isa = PBXFileReference; lastKnownFileType = sourcecode.c.h; path = AppDelegate.h; sourceTree = "<group>"; };
		A3D2C0F519E67E3400E495D6 /* AppDelegate.m */ = {isa = PBXFileReference; lastKnownFileType = sourcecode.c.objc; path = AppDelegate.m; sourceTree = "<group>"; };
		A3D2C0F719E67E3400E495D6 /* ViewController.h */ = {isa = PBXFileReference; lastKnownFileType = sourcecode.c.h; path = ViewController.h; sourceTree = "<group>"; };
		A3D2C0F819E67E3400E495D6 /* ViewController.m */ = {isa = PBXFileReference; lastKnownFileType = sourcecode.c.objc; path = ViewController.m; sourceTree = "<group>"; };
		A3D2C0FB19E67E3400E495D6 /* Base */ = {isa = PBXFileReference; lastKnownFileType = file.storyboard; name = Base; path = Base.lproj/Main.storyboard; sourceTree = "<group>"; };
		A3D2C0FD19E67E3400E495D6 /* Images.xcassets */ = {isa = PBXFileReference; lastKnownFileType = folder.assetcatalog; path = Images.xcassets; sourceTree = "<group>"; };
		A3D2C10019E67E3400E495D6 /* Base */ = {isa = PBXFileReference; lastKnownFileType = file.xib; name = Base; path = Base.lproj/LaunchScreen.xib; sourceTree = "<group>"; };
		A3D2C10619E67E3400E495D6 /* AdaptiveLayout1Tests.xctest */ = {isa = PBXFileReference; explicitFileType = wrapper.cfbundle; includeInIndex = 0; path = AdaptiveLayout1Tests.xctest; sourceTree = BUILT_PRODUCTS_DIR; };
		A3D2C10B19E67E3400E495D6 /* Info.plist */ = {isa = PBXFileReference; lastKnownFileType = text.plist.xml; path = Info.plist; sourceTree = "<group>"; };
		A3D2C10C19E67E3400E495D6 /* AdaptiveLayout1Tests.m */ = {isa = PBXFileReference; lastKnownFileType = sourcecode.c.objc; path = AdaptiveLayout1Tests.m; sourceTree = "<group>"; };
/* End PBXFileReference section */

/* Begin PBXFrameworksBuildPhase section */
		A3D2C0EA19E67E3400E495D6 /* Frameworks */ = {
			isa = PBXFrameworksBuildPhase;
			buildActionMask = 2147483647;
			files = (
			);
			runOnlyForDeploymentPostprocessing = 0;
		};
		A3D2C10319E67E3400E495D6 /* Frameworks */ = {
			isa = PBXFrameworksBuildPhase;
			buildActionMask = 2147483647;
			files = (
			);
			runOnlyForDeploymentPostprocessing = 0;
		};
/* End PBXFrameworksBuildPhase section */

/* Begin PBXGroup section */
		A3D2C0E419E67E3400E495D6 = {
			isa = PBXGroup;
			children = (
				A3D2C0EF19E67E3400E495D6 /* AdaptiveLayout1 */,
				A3D2C10919E67E3400E495D6 /* AdaptiveLayout1Tests */,
				A3D2C0EE19E67E3400E495D6 /* Products */,
			);
			sourceTree = "<group>";
		};
		A3D2C0EE19E67E3400E495D6 /* Products */ = {
			isa = PBXGroup;
			children = (
				A3D2C0ED19E67E3400E495D6 /* AdaptiveLayout1.app */,
				A3D2C10619E67E3400E495D6 /* AdaptiveLayout1Tests.xctest */,
			);
			name = Products;
			sourceTree = "<group>";
		};
		A3D2C0EF19E67E3400E495D6 /* AdaptiveLayout1 */ = {
			isa = PBXGroup;
			children = (
				A3D2C0F419E67E3400E495D6 /* AppDelegate.h */,
				A3D2C0F519E67E3400E495D6 /* AppDelegate.m */,
				A3D2C0F719E67E3400E495D6 /* ViewController.h */,
				A3D2C0F819E67E3400E495D6 /* ViewController.m */,
				A3D2C0FA19E67E3400E495D6 /* Main.storyboard */,
				A3D2C0FD19E67E3400E495D6 /* Images.xcassets */,
				A3D2C0FF19E67E3400E495D6 /* LaunchScreen.xib */,
				A3D2C0F019E67E3400E495D6 /* Supporting Files */,
			);
			path = AdaptiveLayout1;
			sourceTree = "<group>";
		};
		A3D2C0F019E67E3400E495D6 /* Supporting Files */ = {
			isa = PBXGroup;
			children = (
				A3D2C0F119E67E3400E495D6 /* Info.plist */,
				A3D2C0F219E67E3400E495D6 /* main.m */,
			);
			name = "Supporting Files";
			sourceTree = "<group>";
		};
		A3D2C10919E67E3400E495D6 /* AdaptiveLayout1Tests */ = {
			isa = PBXGroup;
			children = (
				A3D2C10C19E67E3400E495D6 /* AdaptiveLayout1Tests.m */,
				A3D2C10A19E67E3400E495D6 /* Supporting Files */,
			);
			path = AdaptiveLayout1Tests;
			sourceTree = "<group>";
		};
		A3D2C10A19E67E3400E495D6 /* Supporting Files */ = {
			isa = PBXGroup;
			children = (
				A3D2C10B19E67E3400E495D6 /* Info.plist */,
			);
			name = "Supporting Files";
			sourceTree = "<group>";
		};
/* End PBXGroup section */

/* Begin PBXNativeTarget section */
		A3D2C0EC19E67E3400E495D6 /* AdaptiveLayout1 */ = {
			isa = PBXNativeTarget;
			buildConfigurationList = A3D2C11019E67E3400E495D6 /* Build configuration list for PBXNativeTarget "AdaptiveLayout1" */;
			buildPhases = (
				A3D2C0E919E67E3400E495D6 /* Sources */,
				A3D2C0EA19E67E3400E495D6 /* Frameworks */,
				A3D2C0EB19E67E3400E495D6 /* Resources */,
			);
			buildRules = (
			);
			dependencies = (
			);
			name = AdaptiveLayout1;
			productName = AdaptiveLayout1;
			productReference = A3D2C0ED19E67E3400E495D6 /* AdaptiveLayout1.app */;
			productType = "com.apple.product-type.application";
		};
		A3D2C10519E67E3400E495D6 /* AdaptiveLayout1Tests */ = {
			isa = PBXNativeTarget;
			buildConfigurationList = A3D2C11319E67E3400E495D6 /* Build configuration list for PBXNativeTarget "AdaptiveLayout1Tests" */;
			buildPhases = (
				A3D2C10219E67E3400E495D6 /* Sources */,
				A3D2C10319E67E3400E495D6 /* Frameworks */,
				A3D2C10419E67E3400E495D6 /* Resources */,
			);
			buildRules = (
			);
			dependencies = (
				A3D2C10819E67E3400E495D6 /* PBXTargetDependency */,
			);
			name = AdaptiveLayout1Tests;
			productName = AdaptiveLayout1Tests;
			productReference = A3D2C10619E67E3400E495D6 /* AdaptiveLayout1Tests.xctest */;
			productType = "com.apple.product-type.bundle.unit-test";
		};
/* End PBXNativeTarget section */

/* Begin PBXProject section */
		A3D2C0E519E67E3400E495D6 /* Project object */ = {
			isa = PBXProject;
			attributes = {
				LastUpgradeCheck = 0600;
				ORGANIZATIONNAME = "Vinh nguyen";
				TargetAttributes = {
					A3D2C0EC19E67E3400E495D6 = {
						CreatedOnToolsVersion = 6.0.1;
					};
					A3D2C10519E67E3400E495D6 = {
						CreatedOnToolsVersion = 6.0.1;
						TestTargetID = A3D2C0EC19E67E3400E495D6;
					};
				};
			};
			buildConfigurationList = A3D2C0E819E67E3400E495D6 /* Build configuration list for PBXProject "AdaptiveLayout1" */;
			compatibilityVersion = "Xcode 3.2";
			developmentRegion = English;
			hasScannedForEncodings = 0;
			knownRegions = (
				en,
				Base,
			);
			mainGroup = A3D2C0E419E67E3400E495D6;
			productRefGroup = A3D2C0EE19E67E3400E495D6 /* Products */;
			projectDirPath = "";
			projectRoot = "";
			targets = (
				A3D2C0EC19E67E3400E495D6 /* AdaptiveLayout1 */,
				A3D2C10519E67E3400E495D6 /* AdaptiveLayout1Tests */,
			);
		};
/* End PBXProject section */

/* Begin PBXResourcesBuildPhase section */
		A3D2C0EB19E67E3400E495D6 /* Resources */ = {
			isa = PBXResourcesBuildPhase;
			buildActionMask = 2147483647;
			files = (
				A3D2C0FC19E67E3400E495D6 /* Main.storyboard in Resources */,
				A3D2C10119E67E3400E495D6 /* LaunchScreen.xib in Resources */,
				A3D2C0FE19E67E3400E495D6 /* Images.xcassets in Resources */,
			);
			runOnlyForDeploymentPostprocessing = 0;
		};
		A3D2C10419E67E3400E495D6 /* Resources */ = {
			isa = PBXResourcesBuildPhase;
			buildActionMask = 2147483647;
			files = (
			);
			runOnlyForDeploymentPostprocessing = 0;
		};
/* End PBXResourcesBuildPhase section */

/* Begin PBXSourcesBuildPhase section */
		A3D2C0E919E67E3400E495D6 /* Sources */ = {
			isa = PBXSourcesBuildPhase;
			buildActionMask = 2147483647;
			files = (
				A3D2C0F919E67E3400E495D6 /* ViewController.m in Sources */,
				A3D2C0F619E67E3400E495D6 /* AppDelegate.m in Sources */,
				A3D2C0F319E67E3400E495D6 /* main.m in Sources */,
			);
			runOnlyForDeploymentPostprocessing = 0;
		};
		A3D2C10219E67E3400E495D6 /* Sources */ = {
			isa = PBXSourcesBuildPhase;
			buildActionMask = 2147483647;
			files = (
				A3D2C10D19E67E3400E495D6 /* AdaptiveLayout1Tests.m in Sources */,
			);
			runOnlyForDeploymentPostprocessing = 0;
		};
/* End PBXSourcesBuildPhase section */

/* Begin PBXTargetDependency section */
		A3D2C10819E67E3400E495D6 /* PBXTargetDependency */ = {
			isa = PBXTargetDependency;
			target = A3D2C0EC19E67E3400E495D6 /* AdaptiveLayout1 */;
			targetProxy = A3D2C10719E67E3400E495D6 /* PBXContainerItemProxy */;
		};
/* End PBXTargetDependency section */

/* Begin PBXVariantGroup section */
		A3D2C0FA19E67E3400E495D6 /* Main.storyboard */ = {
			isa = PBXVariantGroup;
			children = (
				A3D2C0FB19E67E3400E495D6 /* Base */,
			);
			name = Main.storyboard;
			sourceTree = "<group>";
		};
		A3D2C0FF19E67E3400E495D6 /* LaunchScreen.xib */ = {
			isa = PBXVariantGroup;
			children = (
				A3D2C10019E67E3400E495D6 /* Base */,
			);
			name = LaunchScreen.xib;
			sourceTree = "<group>";
		};
/* End PBXVariantGroup section */

/* Begin XCBuildConfiguration section */
		A3D2C10E19E67E3400E495D6 /* Debug */ = {
			isa = XCBuildConfiguration;
			buildSettings = {
				ALWAYS_SEARCH_USER_PATHS = NO;
				CLANG_CXX_LANGUAGE_STANDARD = "gnu++0x";
				CLANG_CXX_LIBRARY = "libc++";
				CLANG_ENABLE_MODULES = YES;
				CLANG_ENABLE_OBJC_ARC = YES;
				CLANG_WARN_BOOL_CONVERSION = YES;
				CLANG_WARN_CONSTANT_CONVERSION = YES;
				CLANG_WARN_DIRECT_OBJC_ISA_USAGE = YES_ERROR;
				CLANG_WARN_EMPTY_BODY = YES;
				CLANG_WARN_ENUM_CONVERSION = YES;
				CLANG_WARN_INT_CONVERSION = YES;
				CLANG_WARN_OBJC_ROOT_CLASS = YES_ERROR;
				CLANG_WARN_UNREACHABLE_CODE = YES;
				CLANG_WARN__DUPLICATE_METHOD_MATCH = YES;
				"CODE_SIGN_IDENTITY[sdk=iphoneos*]" = "iPhone Developer";
				COPY_PHASE_STRIP = NO;
				ENABLE_STRICT_OBJC_MSGSEND = YES;
				GCC_C_LANGUAGE_STANDARD = gnu99;
				GCC_DYNAMIC_NO_PIC = NO;
				GCC_OPTIMIZATION_LEVEL = 0;
				GCC_PREPROCESSOR_DEFINITIONS = (
					"DEBUG=1",
					"$(inherited)",
				);
				GCC_SYMBOLS_PRIVATE_EXTERN = NO;
				GCC_WARN_64_TO_32_BIT_CONVERSION = YES;
				GCC_WARN_ABOUT_RETURN_TYPE = YES_ERROR;
				GCC_WARN_UNDECLARED_SELECTOR = YES;
				GCC_WARN_UNINITIALIZED_AUTOS = YES_AGGRESSIVE;
				GCC_WARN_UNUSED_FUNCTION = YES;
				GCC_WARN_UNUSED_VARIABLE = YES;
				IPHONEOS_DEPLOYMENT_TARGET = 8.0;
				MTL_ENABLE_DEBUG_INFO = YES;
				ONLY_ACTIVE_ARCH = YES;
				SDKROOT = iphoneos;
			};
			name = Debug;
		};
		A3D2C10F19E67E3400E495D6 /* Release */ = {
			isa = XCBuildConfiguration;
			buildSettings = {
				ALWAYS_SEARCH_USER_PATHS = NO;
				CLANG_CXX_LANGUAGE_STANDARD = "gnu++0x";
				CLANG_CXX_LIBRARY = "libc++";
				CLANG_ENABLE_MODULES = YES;
				CLANG_ENABLE_OBJC_ARC = YES;
				CLANG_WARN_BOOL_CONVERSION = YES;
				CLANG_WARN_CONSTANT_CONVERSION = YES;
				CLANG_WARN_DIRECT_OBJC_ISA_USAGE = YES_ERROR;
				CLANG_WARN_EMPTY_BODY = YES;
				CLANG_WARN_ENUM_CONVERSION = YES;
				CLANG_WARN_INT_CONVERSION = YES;
				CLANG_WARN_OBJC_ROOT_CLASS = YES_ERROR;
				CLANG_WARN_UNREACHABLE_CODE = YES;
				CLANG_WARN__DUPLICATE_METHOD_MATCH = YES;
				"CODE_SIGN_IDENTITY[sdk=iphoneos*]" = "iPhone Developer";
				COPY_PHASE_STRIP = YES;
				ENABLE_NS_ASSERTIONS = NO;
				ENABLE_STRICT_OBJC_MSGSEND = YES;
				GCC_C_LANGUAGE_STANDARD = gnu99;
				GCC_WARN_64_TO_32_BIT_CONVERSION = YES;
				GCC_WARN_ABOUT_RETURN_TYPE = YES_ERROR;
				GCC_WARN_UNDECLARED_SELECTOR = YES;
				GCC_WARN_UNINITIALIZED_AUTOS = YES_AGGRESSIVE;
				GCC_WARN_UNUSED_FUNCTION = YES;
				GCC_WARN_UNUSED_VARIABLE = YES;
				IPHONEOS_DEPLOYMENT_TARGET = 8.0;
				MTL_ENABLE_DEBUG_INFO = NO;
				SDKROOT = iphoneos;
				VALIDATE_PRODUCT = YES;
			};
			name = Release;
		};
		A3D2C11119E67E3400E495D6 /* Debug */ = {
			isa = XCBuildConfiguration;
			buildSettings = {
				ASSETCATALOG_COMPILER_APPICON_NAME = AppIcon;
				INFOPLIST_FILE = AdaptiveLayout1/Info.plist;
				LD_RUNPATH_SEARCH_PATHS = "$(inherited) @executable_path/Frameworks";
				PRODUCT_NAME = "$(TARGET_NAME)";
			};
			name = Debug;
		};
		A3D2C11219E67E3400E495D6 /* Release */ = {
			isa = XCBuildConfiguration;
			buildSettings = {
				ASSETCATALOG_COMPILER_APPICON_NAME = AppIcon;
				INFOPLIST_FILE = AdaptiveLayout1/Info.plist;
				LD_RUNPATH_SEARCH_PATHS = "$(inherited) @executable_path/Frameworks";
				PRODUCT_NAME = "$(TARGET_NAME)";
			};
			name = Release;
		};
		A3D2C11419E67E3400E495D6 /* Debug */ = {
			isa = XCBuildConfiguration;
			buildSettings = {
				BUNDLE_LOADER = "$(TEST_HOST)";
				FRAMEWORK_SEARCH_PATHS = (
					"$(SDKROOT)/Developer/Library/Frameworks",
					"$(inherited)",
				);
				GCC_PREPROCESSOR_DEFINITIONS = (
					"DEBUG=1",
					"$(inherited)",
				);
				INFOPLIST_FILE = AdaptiveLayout1Tests/Info.plist;
				LD_RUNPATH_SEARCH_PATHS = "$(inherited) @executable_path/Frameworks @loader_path/Frameworks";
				PRODUCT_NAME = "$(TARGET_NAME)";
				TEST_HOST = "$(BUILT_PRODUCTS_DIR)/AdaptiveLayout1.app/AdaptiveLayout1";
			};
			name = Debug;
		};
		A3D2C11519E67E3400E495D6 /* Release */ = {
			isa = XCBuildConfiguration;
			buildSettings = {
				BUNDLE_LOADER = "$(TEST_HOST)";
				FRAMEWORK_SEARCH_PATHS = (
					"$(SDKROOT)/Developer/Library/Frameworks",
					"$(inherited)",
				);
				INFOPLIST_FILE = AdaptiveLayout1Tests/Info.plist;
				LD_RUNPATH_SEARCH_PATHS = "$(inherited) @executable_path/Frameworks @loader_path/Frameworks";
				PRODUCT_NAME = "$(TARGET_NAME)";
				TEST_HOST = "$(BUILT_PRODUCTS_DIR)/AdaptiveLayout1.app/AdaptiveLayout1";
			};
			name = Release;
		};
/* End XCBuildConfiguration section */

/* Begin XCConfigurationList section */
		A3D2C0E819E67E3400E495D6 /* Build configuration list for PBXProject "AdaptiveLayout1" */ = {
			isa = XCConfigurationList;
			buildConfigurations = (
				A3D2C10E19E67E3400E495D6 /* Debug */,
				A3D2C10F19E67E3400E495D6 /* Release */,
			);
			defaultConfigurationIsVisible = 0;
			defaultConfigurationName = Release;
		};
		A3D2C11019E67E3400E495D6 /* Build configuration list for PBXNativeTarget "AdaptiveLayout1" */ = {
			isa = XCConfigurationList;
			buildConfigurations = (
				A3D2C11119E67E3400E495D6 /* Debug */,
				A3D2C11219E67E3400E495D6 /* Release */,
			);
			defaultConfigurationIsVisible = 0;
		};
		A3D2C11319E67E3400E495D6 /* Build configuration list for PBXNativeTarget "AdaptiveLayout1Tests" */ = {
			isa = XCConfigurationList;
			buildConfigurations = (
				A3D2C11419E67E3400E495D6 /* Debug */,
				A3D2C11519E67E3400E495D6 /* Release */,
			);
			defaultConfigurationIsVisible = 0;
		};
/* End XCConfigurationList section */
	};
	rootObject = A3D2C0E519E67E3400E495D6 /* Project object */;
}
