// !$*UTF8*$!
{
	archiveVersion = 1;
	classes = {
	};
	objectVersion = 46;
	objects = {

/* Begin PBXBuildFile section */
		A33CAFE719D584880032D45A /* main.m in Sources */ = {isa = PBXBuildFile; fileRef = A33CAFE619D584880032D45A /* main.m */; };
		A33CAFEA19D584880032D45A /* AppDelegate.m in Sources */ = {isa = PBXBuildFile; fileRef = A33CAFE919D584880032D45A /* AppDelegate.m */; };
		A33CAFED19D584880032D45A /* ViewController.m in Sources */ = {isa = PBXBuildFile; fileRef = A33CAFEC19D584880032D45A /* ViewController.m */; };
		A33CAFF019D584880032D45A /* Main.storyboard in Resources */ = {isa = PBXBuildFile; fileRef = A33CAFEE19D584880032D45A /* Main.storyboard */; };
		A33CAFF219D584880032D45A /* Images.xcassets in Resources */ = {isa = PBXBuildFile; fileRef = A33CAFF119D584880032D45A /* Images.xcassets */; };
		A33CAFF519D584880032D45A /* LaunchScreen.xib in Resources */ = {isa = PBXBuildFile; fileRef = A33CAFF319D584880032D45A /* LaunchScreen.xib */; };
		A33CB00119D584880032D45A /* MultipartGradientsTests.m in Sources */ = {isa = PBXBuildFile; fileRef = A33CB00019D584880032D45A /* MultipartGradientsTests.m */; };
/* End PBXBuildFile section */

/* Begin PBXContainerItemProxy section */
		A33CAFFB19D584880032D45A /* PBXContainerItemProxy */ = {
			isa = PBXContainerItemProxy;
			containerPortal = A33CAFD919D584880032D45A /* Project object */;
			proxyType = 1;
			remoteGlobalIDString = A33CAFE019D584880032D45A;
			remoteInfo = MultipartGradients;
		};
/* End PBXContainerItemProxy section */

/* Begin PBXFileReference section */
		A33CAFE119D584880032D45A /* MultipartGradients.app */ = {isa = PBXFileReference; explicitFileType = wrapper.application; includeInIndex = 0; path = MultipartGradients.app; sourceTree = BUILT_PRODUCTS_DIR; };
		A33CAFE519D584880032D45A /* Info.plist */ = {isa = PBXFileReference; lastKnownFileType = text.plist.xml; path = Info.plist; sourceTree = "<group>"; };
		A33CAFE619D584880032D45A /* main.m */ = {isa = PBXFileReference; lastKnownFileType = sourcecode.c.objc; path = main.m; sourceTree = "<group>"; };
		A33CAFE819D584880032D45A /* AppDelegate.h */ = {isa = PBXFileReference; lastKnownFileType = sourcecode.c.h; path = AppDelegate.h; sourceTree = "<group>"; };
		A33CAFE919D584880032D45A /* AppDelegate.m */ = {isa = PBXFileReference; lastKnownFileType = sourcecode.c.objc; path = AppDelegate.m; sourceTree = "<group>"; };
		A33CAFEB19D584880032D45A /* ViewController.h */ = {isa = PBXFileReference; lastKnownFileType = sourcecode.c.h; path = ViewController.h; sourceTree = "<group>"; };
		A33CAFEC19D584880032D45A /* ViewController.m */ = {isa = PBXFileReference; lastKnownFileType = sourcecode.c.objc; path = ViewController.m; sourceTree = "<group>"; };
		A33CAFEF19D584880032D45A /* Base */ = {isa = PBXFileReference; lastKnownFileType = file.storyboard; name = Base; path = Base.lproj/Main.storyboard; sourceTree = "<group>"; };
		A33CAFF119D584880032D45A /* Images.xcassets */ = {isa = PBXFileReference; lastKnownFileType = folder.assetcatalog; path = Images.xcassets; sourceTree = "<group>"; };
		A33CAFF419D584880032D45A /* Base */ = {isa = PBXFileReference; lastKnownFileType = file.xib; name = Base; path = Base.lproj/LaunchScreen.xib; sourceTree = "<group>"; };
		A33CAFFA19D584880032D45A /* MultipartGradientsTests.xctest */ = {isa = PBXFileReference; explicitFileType = wrapper.cfbundle; includeInIndex = 0; path = MultipartGradientsTests.xctest; sourceTree = BUILT_PRODUCTS_DIR; };
		A33CAFFF19D584880032D45A /* Info.plist */ = {isa = PBXFileReference; lastKnownFileType = text.plist.xml; path = Info.plist; sourceTree = "<group>"; };
		A33CB00019D584880032D45A /* MultipartGradientsTests.m */ = {isa = PBXFileReference; lastKnownFileType = sourcecode.c.objc; path = MultipartGradientsTests.m; sourceTree = "<group>"; };
/* End PBXFileReference section */

/* Begin PBXFrameworksBuildPhase section */
		A33CAFDE19D584880032D45A /* Frameworks */ = {
			isa = PBXFrameworksBuildPhase;
			buildActionMask = 2147483647;
			files = (
			);
			runOnlyForDeploymentPostprocessing = 0;
		};
		A33CAFF719D584880032D45A /* Frameworks */ = {
			isa = PBXFrameworksBuildPhase;
			buildActionMask = 2147483647;
			files = (
			);
			runOnlyForDeploymentPostprocessing = 0;
		};
/* End PBXFrameworksBuildPhase section */

/* Begin PBXGroup section */
		A33CAFD819D584880032D45A = {
			isa = PBXGroup;
			children = (
				A33CAFE319D584880032D45A /* MultipartGradients */,
				A33CAFFD19D584880032D45A /* MultipartGradientsTests */,
				A33CAFE219D584880032D45A /* Products */,
			);
			sourceTree = "<group>";
		};
		A33CAFE219D584880032D45A /* Products */ = {
			isa = PBXGroup;
			children = (
				A33CAFE119D584880032D45A /* MultipartGradients.app */,
				A33CAFFA19D584880032D45A /* MultipartGradientsTests.xctest */,
			);
			name = Products;
			sourceTree = "<group>";
		};
		A33CAFE319D584880032D45A /* MultipartGradients */ = {
			isa = PBXGroup;
			children = (
				A33CAFE819D584880032D45A /* AppDelegate.h */,
				A33CAFE919D584880032D45A /* AppDelegate.m */,
				A33CAFEB19D584880032D45A /* ViewController.h */,
				A33CAFEC19D584880032D45A /* ViewController.m */,
				A33CAFEE19D584880032D45A /* Main.storyboard */,
				A33CAFF119D584880032D45A /* Images.xcassets */,
				A33CAFF319D584880032D45A /* LaunchScreen.xib */,
				A33CAFE419D584880032D45A /* Supporting Files */,
			);
			path = MultipartGradients;
			sourceTree = "<group>";
		};
		A33CAFE419D584880032D45A /* Supporting Files */ = {
			isa = PBXGroup;
			children = (
				A33CAFE519D584880032D45A /* Info.plist */,
				A33CAFE619D584880032D45A /* main.m */,
			);
			name = "Supporting Files";
			sourceTree = "<group>";
		};
		A33CAFFD19D584880032D45A /* MultipartGradientsTests */ = {
			isa = PBXGroup;
			children = (
				A33CB00019D584880032D45A /* MultipartGradientsTests.m */,
				A33CAFFE19D584880032D45A /* Supporting Files */,
			);
			path = MultipartGradientsTests;
			sourceTree = "<group>";
		};
		A33CAFFE19D584880032D45A /* Supporting Files */ = {
			isa = PBXGroup;
			children = (
				A33CAFFF19D584880032D45A /* Info.plist */,
			);
			name = "Supporting Files";
			sourceTree = "<group>";
		};
/* End PBXGroup section */

/* Begin PBXNativeTarget section */
		A33CAFE019D584880032D45A /* MultipartGradients */ = {
			isa = PBXNativeTarget;
			buildConfigurationList = A33CB00419D584880032D45A /* Build configuration list for PBXNativeTarget "MultipartGradients" */;
			buildPhases = (
				A33CAFDD19D584880032D45A /* Sources */,
				A33CAFDE19D584880032D45A /* Frameworks */,
				A33CAFDF19D584880032D45A /* Resources */,
			);
			buildRules = (
			);
			dependencies = (
			);
			name = MultipartGradients;
			productName = MultipartGradients;
			productReference = A33CAFE119D584880032D45A /* MultipartGradients.app */;
			productType = "com.apple.product-type.application";
		};
		A33CAFF919D584880032D45A /* MultipartGradientsTests */ = {
			isa = PBXNativeTarget;
			buildConfigurationList = A33CB00719D584880032D45A /* Build configuration list for PBXNativeTarget "MultipartGradientsTests" */;
			buildPhases = (
				A33CAFF619D584880032D45A /* Sources */,
				A33CAFF719D584880032D45A /* Frameworks */,
				A33CAFF819D584880032D45A /* Resources */,
			);
			buildRules = (
			);
			dependencies = (
				A33CAFFC19D584880032D45A /* PBXTargetDependency */,
			);
			name = MultipartGradientsTests;
			productName = MultipartGradientsTests;
			productReference = A33CAFFA19D584880032D45A /* MultipartGradientsTests.xctest */;
			productType = "com.apple.product-type.bundle.unit-test";
		};
/* End PBXNativeTarget section */

/* Begin PBXProject section */
		A33CAFD919D584880032D45A /* Project object */ = {
			isa = PBXProject;
			attributes = {
				LastUpgradeCheck = 0600;
				ORGANIZATIONNAME = "Vinh nguyen";
				TargetAttributes = {
					A33CAFE019D584880032D45A = {
						CreatedOnToolsVersion = 6.0.1;
					};
					A33CAFF919D584880032D45A = {
						CreatedOnToolsVersion = 6.0.1;
						TestTargetID = A33CAFE019D584880032D45A;
					};
				};
			};
			buildConfigurationList = A33CAFDC19D584880032D45A /* Build configuration list for PBXProject "MultipartGradients" */;
			compatibilityVersion = "Xcode 3.2";
			developmentRegion = English;
			hasScannedForEncodings = 0;
			knownRegions = (
				en,
				Base,
			);
			mainGroup = A33CAFD819D584880032D45A;
			productRefGroup = A33CAFE219D584880032D45A /* Products */;
			projectDirPath = "";
			projectRoot = "";
			targets = (
				A33CAFE019D584880032D45A /* MultipartGradients */,
				A33CAFF919D584880032D45A /* MultipartGradientsTests */,
			);
		};
/* End PBXProject section */

/* Begin PBXResourcesBuildPhase section */
		A33CAFDF19D584880032D45A /* Resources */ = {
			isa = PBXResourcesBuildPhase;
			buildActionMask = 2147483647;
			files = (
				A33CAFF019D584880032D45A /* Main.storyboard in Resources */,
				A33CAFF519D584880032D45A /* LaunchScreen.xib in Resources */,
				A33CAFF219D584880032D45A /* Images.xcassets in Resources */,
			);
			runOnlyForDeploymentPostprocessing = 0;
		};
		A33CAFF819D584880032D45A /* Resources */ = {
			isa = PBXResourcesBuildPhase;
			buildActionMask = 2147483647;
			files = (
			);
			runOnlyForDeploymentPostprocessing = 0;
		};
/* End PBXResourcesBuildPhase section */

/* Begin PBXSourcesBuildPhase section */
		A33CAFDD19D584880032D45A /* Sources */ = {
			isa = PBXSourcesBuildPhase;
			buildActionMask = 2147483647;
			files = (
				A33CAFED19D584880032D45A /* ViewController.m in Sources */,
				A33CAFEA19D584880032D45A /* AppDelegate.m in Sources */,
				A33CAFE719D584880032D45A /* main.m in Sources */,
			);
			runOnlyForDeploymentPostprocessing = 0;
		};
		A33CAFF619D584880032D45A /* Sources */ = {
			isa = PBXSourcesBuildPhase;
			buildActionMask = 2147483647;
			files = (
				A33CB00119D584880032D45A /* MultipartGradientsTests.m in Sources */,
			);
			runOnlyForDeploymentPostprocessing = 0;
		};
/* End PBXSourcesBuildPhase section */

/* Begin PBXTargetDependency section */
		A33CAFFC19D584880032D45A /* PBXTargetDependency */ = {
			isa = PBXTargetDependency;
			target = A33CAFE019D584880032D45A /* MultipartGradients */;
			targetProxy = A33CAFFB19D584880032D45A /* PBXContainerItemProxy */;
		};
/* End PBXTargetDependency section */

/* Begin PBXVariantGroup section */
		A33CAFEE19D584880032D45A /* Main.storyboard */ = {
			isa = PBXVariantGroup;
			children = (
				A33CAFEF19D584880032D45A /* Base */,
			);
			name = Main.storyboard;
			sourceTree = "<group>";
		};
		A33CAFF319D584880032D45A /* LaunchScreen.xib */ = {
			isa = PBXVariantGroup;
			children = (
				A33CAFF419D584880032D45A /* Base */,
			);
			name = LaunchScreen.xib;
			sourceTree = "<group>";
		};
/* End PBXVariantGroup section */

/* Begin XCBuildConfiguration section */
		A33CB00219D584880032D45A /* Debug */ = {
			isa = XCBuildConfiguration;
			buildSettings = {
				ALWAYS_SEARCH_USER_PATHS = NO;
				CLANG_CXX_LANGUAGE_STANDARD = "gnu++0x";
				CLANG_CXX_LIBRARY = "libc++";
				CLANG_ENABLE_MODULES = YES;
				CLANG_ENABLE_OBJC_ARC = YES;
				CLANG_WARN_BOOL_CONVERSION = YES;
				CLANG_WARN_CONSTANT_CONVERSION = YES;
				CLANG_WARN_DIRECT_OBJC_ISA_USAGE = YES_ERROR;
				CLANG_WARN_EMPTY_BODY = YES;
				CLANG_WARN_ENUM_CONVERSION = YES;
				CLANG_WARN_INT_CONVERSION = YES;
				CLANG_WARN_OBJC_ROOT_CLASS = YES_ERROR;
				CLANG_WARN_UNREACHABLE_CODE = YES;
				CLANG_WARN__DUPLICATE_METHOD_MATCH = YES;
				"CODE_SIGN_IDENTITY[sdk=iphoneos*]" = "iPhone Developer";
				COPY_PHASE_STRIP = NO;
				ENABLE_STRICT_OBJC_MSGSEND = YES;
				GCC_C_LANGUAGE_STANDARD = gnu99;
				GCC_DYNAMIC_NO_PIC = NO;
				GCC_OPTIMIZATION_LEVEL = 0;
				GCC_PREPROCESSOR_DEFINITIONS = (
					"DEBUG=1",
					"$(inherited)",
				);
				GCC_SYMBOLS_PRIVATE_EXTERN = NO;
				GCC_WARN_64_TO_32_BIT_CONVERSION = YES;
				GCC_WARN_ABOUT_RETURN_TYPE = YES_ERROR;
				GCC_WARN_UNDECLARED_SELECTOR = YES;
				GCC_WARN_UNINITIALIZED_AUTOS = YES_AGGRESSIVE;
				GCC_WARN_UNUSED_FUNCTION = YES;
				GCC_WARN_UNUSED_VARIABLE = YES;
				IPHONEOS_DEPLOYMENT_TARGET = 8.0;
				MTL_ENABLE_DEBUG_INFO = YES;
				ONLY_ACTIVE_ARCH = YES;
				SDKROOT = iphoneos;
			};
			name = Debug;
		};
		A33CB00319D584880032D45A /* Release */ = {
			isa = XCBuildConfiguration;
			buildSettings = {
				ALWAYS_SEARCH_USER_PATHS = NO;
				CLANG_CXX_LANGUAGE_STANDARD = "gnu++0x";
				CLANG_CXX_LIBRARY = "libc++";
				CLANG_ENABLE_MODULES = YES;
				CLANG_ENABLE_OBJC_ARC = YES;
				CLANG_WARN_BOOL_CONVERSION = YES;
				CLANG_WARN_CONSTANT_CONVERSION = YES;
				CLANG_WARN_DIRECT_OBJC_ISA_USAGE = YES_ERROR;
				CLANG_WARN_EMPTY_BODY = YES;
				CLANG_WARN_ENUM_CONVERSION = YES;
				CLANG_WARN_INT_CONVERSION = YES;
				CLANG_WARN_OBJC_ROOT_CLASS = YES_ERROR;
				CLANG_WARN_UNREACHABLE_CODE = YES;
				CLANG_WARN__DUPLICATE_METHOD_MATCH = YES;
				"CODE_SIGN_IDENTITY[sdk=iphoneos*]" = "iPhone Developer";
				COPY_PHASE_STRIP = YES;
				ENABLE_NS_ASSERTIONS = NO;
				ENABLE_STRICT_OBJC_MSGSEND = YES;
				GCC_C_LANGUAGE_STANDARD = gnu99;
				GCC_WARN_64_TO_32_BIT_CONVERSION = YES;
				GCC_WARN_ABOUT_RETURN_TYPE = YES_ERROR;
				GCC_WARN_UNDECLARED_SELECTOR = YES;
				GCC_WARN_UNINITIALIZED_AUTOS = YES_AGGRESSIVE;
				GCC_WARN_UNUSED_FUNCTION = YES;
				GCC_WARN_UNUSED_VARIABLE = YES;
				IPHONEOS_DEPLOYMENT_TARGET = 8.0;
				MTL_ENABLE_DEBUG_INFO = NO;
				SDKROOT = iphoneos;
				VALIDATE_PRODUCT = YES;
			};
			name = Release;
		};
		A33CB00519D584880032D45A /* Debug */ = {
			isa = XCBuildConfiguration;
			buildSettings = {
				ASSETCATALOG_COMPILER_APPICON_NAME = AppIcon;
				INFOPLIST_FILE = MultipartGradients/Info.plist;
				LD_RUNPATH_SEARCH_PATHS = "$(inherited) @executable_path/Frameworks";
				PRODUCT_NAME = "$(TARGET_NAME)";
			};
			name = Debug;
		};
		A33CB00619D584880032D45A /* Release */ = {
			isa = XCBuildConfiguration;
			buildSettings = {
				ASSETCATALOG_COMPILER_APPICON_NAME = AppIcon;
				INFOPLIST_FILE = MultipartGradients/Info.plist;
				LD_RUNPATH_SEARCH_PATHS = "$(inherited) @executable_path/Frameworks";
				PRODUCT_NAME = "$(TARGET_NAME)";
			};
			name = Release;
		};
		A33CB00819D584880032D45A /* Debug */ = {
			isa = XCBuildConfiguration;
			buildSettings = {
				BUNDLE_LOADER = "$(TEST_HOST)";
				FRAMEWORK_SEARCH_PATHS = (
					"$(SDKROOT)/Developer/Library/Frameworks",
					"$(inherited)",
				);
				GCC_PREPROCESSOR_DEFINITIONS = (
					"DEBUG=1",
					"$(inherited)",
				);
				INFOPLIST_FILE = MultipartGradientsTests/Info.plist;
				LD_RUNPATH_SEARCH_PATHS = "$(inherited) @executable_path/Frameworks @loader_path/Frameworks";
				PRODUCT_NAME = "$(TARGET_NAME)";
				TEST_HOST = "$(BUILT_PRODUCTS_DIR)/MultipartGradients.app/MultipartGradients";
			};
			name = Debug;
		};
		A33CB00919D584880032D45A /* Release */ = {
			isa = XCBuildConfiguration;
			buildSettings = {
				BUNDLE_LOADER = "$(TEST_HOST)";
				FRAMEWORK_SEARCH_PATHS = (
					"$(SDKROOT)/Developer/Library/Frameworks",
					"$(inherited)",
				);
				INFOPLIST_FILE = MultipartGradientsTests/Info.plist;
				LD_RUNPATH_SEARCH_PATHS = "$(inherited) @executable_path/Frameworks @loader_path/Frameworks";
				PRODUCT_NAME = "$(TARGET_NAME)";
				TEST_HOST = "$(BUILT_PRODUCTS_DIR)/MultipartGradients.app/MultipartGradients";
			};
			name = Release;
		};
/* End XCBuildConfiguration section */

/* Begin XCConfigurationList section */
		A33CAFDC19D584880032D45A /* Build configuration list for PBXProject "MultipartGradients" */ = {
			isa = XCConfigurationList;
			buildConfigurations = (
				A33CB00219D584880032D45A /* Debug */,
				A33CB00319D584880032D45A /* Release */,
			);
			defaultConfigurationIsVisible = 0;
			defaultConfigurationName = Release;
		};
		A33CB00419D584880032D45A /* Build configuration list for PBXNativeTarget "MultipartGradients" */ = {
			isa = XCConfigurationList;
			buildConfigurations = (
				A33CB00519D584880032D45A /* Debug */,
				A33CB00619D584880032D45A /* Release */,
			);
			defaultConfigurationIsVisible = 0;
		};
		A33CB00719D584880032D45A /* Build configuration list for PBXNativeTarget "MultipartGradientsTests" */ = {
			isa = XCConfigurationList;
			buildConfigurations = (
				A33CB00819D584880032D45A /* Debug */,
				A33CB00919D584880032D45A /* Release */,
			);
			defaultConfigurationIsVisible = 0;
		};
/* End XCConfigurationList section */
	};
	rootObject = A33CAFD919D584880032D45A /* Project object */;
}
