// !$*UTF8*$!
{
	archiveVersion = 1;
	classes = {
	};
	objectVersion = 46;
	objects = {

/* Begin PBXBuildFile section */
		A3AF82E819DC083900664A63 /* main.m in Sources */ = {isa = PBXBuildFile; fileRef = A3AF82E719DC083900664A63 /* main.m */; };
		A3AF82EB19DC083900664A63 /* AppDelegate.m in Sources */ = {isa = PBXBuildFile; fileRef = A3AF82EA19DC083900664A63 /* AppDelegate.m */; };
		A3AF82EE19DC083900664A63 /* ViewController.m in Sources */ = {isa = PBXBuildFile; fileRef = A3AF82ED19DC083900664A63 /* ViewController.m */; };
		A3AF82F119DC083900664A63 /* Main.storyboard in Resources */ = {isa = PBXBuildFile; fileRef = A3AF82EF19DC083900664A63 /* Main.storyboard */; };
		A3AF82F319DC083900664A63 /* Images.xcassets in Resources */ = {isa = PBXBuildFile; fileRef = A3AF82F219DC083900664A63 /* Images.xcassets */; };
		A3AF82F619DC083900664A63 /* LaunchScreen.xib in Resources */ = {isa = PBXBuildFile; fileRef = A3AF82F419DC083900664A63 /* LaunchScreen.xib */; };
		A3AF830219DC083900664A63 /* CAKeyframeAnimationTests.m in Sources */ = {isa = PBXBuildFile; fileRef = A3AF830119DC083900664A63 /* CAKeyframeAnimationTests.m */; };
/* End PBXBuildFile section */

/* Begin PBXContainerItemProxy section */
		A3AF82FC19DC083900664A63 /* PBXContainerItemProxy */ = {
			isa = PBXContainerItemProxy;
			containerPortal = A3AF82DA19DC083800664A63 /* Project object */;
			proxyType = 1;
			remoteGlobalIDString = A3AF82E119DC083800664A63;
			remoteInfo = CAKeyframeAnimation;
		};
/* End PBXContainerItemProxy section */

/* Begin PBXFileReference section */
		A3AF82E219DC083800664A63 /* CAKeyframeAnimation.app */ = {isa = PBXFileReference; explicitFileType = wrapper.application; includeInIndex = 0; path = CAKeyframeAnimation.app; sourceTree = BUILT_PRODUCTS_DIR; };
		A3AF82E619DC083900664A63 /* Info.plist */ = {isa = PBXFileReference; lastKnownFileType = text.plist.xml; path = Info.plist; sourceTree = "<group>"; };
		A3AF82E719DC083900664A63 /* main.m */ = {isa = PBXFileReference; lastKnownFileType = sourcecode.c.objc; path = main.m; sourceTree = "<group>"; };
		A3AF82E919DC083900664A63 /* AppDelegate.h */ = {isa = PBXFileReference; lastKnownFileType = sourcecode.c.h; path = AppDelegate.h; sourceTree = "<group>"; };
		A3AF82EA19DC083900664A63 /* AppDelegate.m */ = {isa = PBXFileReference; lastKnownFileType = sourcecode.c.objc; path = AppDelegate.m; sourceTree = "<group>"; };
		A3AF82EC19DC083900664A63 /* ViewController.h */ = {isa = PBXFileReference; lastKnownFileType = sourcecode.c.h; path = ViewController.h; sourceTree = "<group>"; };
		A3AF82ED19DC083900664A63 /* ViewController.m */ = {isa = PBXFileReference; lastKnownFileType = sourcecode.c.objc; path = ViewController.m; sourceTree = "<group>"; };
		A3AF82F019DC083900664A63 /* Base */ = {isa = PBXFileReference; lastKnownFileType = file.storyboard; name = Base; path = Base.lproj/Main.storyboard; sourceTree = "<group>"; };
		A3AF82F219DC083900664A63 /* Images.xcassets */ = {isa = PBXFileReference; lastKnownFileType = folder.assetcatalog; path = Images.xcassets; sourceTree = "<group>"; };
		A3AF82F519DC083900664A63 /* Base */ = {isa = PBXFileReference; lastKnownFileType = file.xib; name = Base; path = Base.lproj/LaunchScreen.xib; sourceTree = "<group>"; };
		A3AF82FB19DC083900664A63 /* CAKeyframeAnimationTests.xctest */ = {isa = PBXFileReference; explicitFileType = wrapper.cfbundle; includeInIndex = 0; path = CAKeyframeAnimationTests.xctest; sourceTree = BUILT_PRODUCTS_DIR; };
		A3AF830019DC083900664A63 /* Info.plist */ = {isa = PBXFileReference; lastKnownFileType = text.plist.xml; path = Info.plist; sourceTree = "<group>"; };
		A3AF830119DC083900664A63 /* CAKeyframeAnimationTests.m */ = {isa = PBXFileReference; lastKnownFileType = sourcecode.c.objc; path = CAKeyframeAnimationTests.m; sourceTree = "<group>"; };
/* End PBXFileReference section */

/* Begin PBXFrameworksBuildPhase section */
		A3AF82DF19DC083800664A63 /* Frameworks */ = {
			isa = PBXFrameworksBuildPhase;
			buildActionMask = 2147483647;
			files = (
			);
			runOnlyForDeploymentPostprocessing = 0;
		};
		A3AF82F819DC083900664A63 /* Frameworks */ = {
			isa = PBXFrameworksBuildPhase;
			buildActionMask = 2147483647;
			files = (
			);
			runOnlyForDeploymentPostprocessing = 0;
		};
/* End PBXFrameworksBuildPhase section */

/* Begin PBXGroup section */
		A3AF82D919DC083800664A63 = {
			isa = PBXGroup;
			children = (
				A3AF82E419DC083800664A63 /* CAKeyframeAnimation */,
				A3AF82FE19DC083900664A63 /* CAKeyframeAnimationTests */,
				A3AF82E319DC083800664A63 /* Products */,
			);
			sourceTree = "<group>";
		};
		A3AF82E319DC083800664A63 /* Products */ = {
			isa = PBXGroup;
			children = (
				A3AF82E219DC083800664A63 /* CAKeyframeAnimation.app */,
				A3AF82FB19DC083900664A63 /* CAKeyframeAnimationTests.xctest */,
			);
			name = Products;
			sourceTree = "<group>";
		};
		A3AF82E419DC083800664A63 /* CAKeyframeAnimation */ = {
			isa = PBXGroup;
			children = (
				A3AF82E919DC083900664A63 /* AppDelegate.h */,
				A3AF82EA19DC083900664A63 /* AppDelegate.m */,
				A3AF82EC19DC083900664A63 /* ViewController.h */,
				A3AF82ED19DC083900664A63 /* ViewController.m */,
				A3AF82EF19DC083900664A63 /* Main.storyboard */,
				A3AF82F219DC083900664A63 /* Images.xcassets */,
				A3AF82F419DC083900664A63 /* LaunchScreen.xib */,
				A3AF82E519DC083800664A63 /* Supporting Files */,
			);
			path = CAKeyframeAnimation;
			sourceTree = "<group>";
		};
		A3AF82E519DC083800664A63 /* Supporting Files */ = {
			isa = PBXGroup;
			children = (
				A3AF82E619DC083900664A63 /* Info.plist */,
				A3AF82E719DC083900664A63 /* main.m */,
			);
			name = "Supporting Files";
			sourceTree = "<group>";
		};
		A3AF82FE19DC083900664A63 /* CAKeyframeAnimationTests */ = {
			isa = PBXGroup;
			children = (
				A3AF830119DC083900664A63 /* CAKeyframeAnimationTests.m */,
				A3AF82FF19DC083900664A63 /* Supporting Files */,
			);
			path = CAKeyframeAnimationTests;
			sourceTree = "<group>";
		};
		A3AF82FF19DC083900664A63 /* Supporting Files */ = {
			isa = PBXGroup;
			children = (
				A3AF830019DC083900664A63 /* Info.plist */,
			);
			name = "Supporting Files";
			sourceTree = "<group>";
		};
/* End PBXGroup section */

/* Begin PBXNativeTarget section */
		A3AF82E119DC083800664A63 /* CAKeyframeAnimation */ = {
			isa = PBXNativeTarget;
			buildConfigurationList = A3AF830519DC083900664A63 /* Build configuration list for PBXNativeTarget "CAKeyframeAnimation" */;
			buildPhases = (
				A3AF82DE19DC083800664A63 /* Sources */,
				A3AF82DF19DC083800664A63 /* Frameworks */,
				A3AF82E019DC083800664A63 /* Resources */,
			);
			buildRules = (
			);
			dependencies = (
			);
			name = CAKeyframeAnimation;
			productName = CAKeyframeAnimation;
			productReference = A3AF82E219DC083800664A63 /* CAKeyframeAnimation.app */;
			productType = "com.apple.product-type.application";
		};
		A3AF82FA19DC083900664A63 /* CAKeyframeAnimationTests */ = {
			isa = PBXNativeTarget;
			buildConfigurationList = A3AF830819DC083900664A63 /* Build configuration list for PBXNativeTarget "CAKeyframeAnimationTests" */;
			buildPhases = (
				A3AF82F719DC083900664A63 /* Sources */,
				A3AF82F819DC083900664A63 /* Frameworks */,
				A3AF82F919DC083900664A63 /* Resources */,
			);
			buildRules = (
			);
			dependencies = (
				A3AF82FD19DC083900664A63 /* PBXTargetDependency */,
			);
			name = CAKeyframeAnimationTests;
			productName = CAKeyframeAnimationTests;
			productReference = A3AF82FB19DC083900664A63 /* CAKeyframeAnimationTests.xctest */;
			productType = "com.apple.product-type.bundle.unit-test";
		};
/* End PBXNativeTarget section */

/* Begin PBXProject section */
		A3AF82DA19DC083800664A63 /* Project object */ = {
			isa = PBXProject;
			attributes = {
				LastUpgradeCheck = 0600;
				ORGANIZATIONNAME = "Vinh nguyen";
				TargetAttributes = {
					A3AF82E119DC083800664A63 = {
						CreatedOnToolsVersion = 6.0.1;
					};
					A3AF82FA19DC083900664A63 = {
						CreatedOnToolsVersion = 6.0.1;
						TestTargetID = A3AF82E119DC083800664A63;
					};
				};
			};
			buildConfigurationList = A3AF82DD19DC083800664A63 /* Build configuration list for PBXProject "CAKeyframeAnimation" */;
			compatibilityVersion = "Xcode 3.2";
			developmentRegion = English;
			hasScannedForEncodings = 0;
			knownRegions = (
				en,
				Base,
			);
			mainGroup = A3AF82D919DC083800664A63;
			productRefGroup = A3AF82E319DC083800664A63 /* Products */;
			projectDirPath = "";
			projectRoot = "";
			targets = (
				A3AF82E119DC083800664A63 /* CAKeyframeAnimation */,
				A3AF82FA19DC083900664A63 /* CAKeyframeAnimationTests */,
			);
		};
/* End PBXProject section */

/* Begin PBXResourcesBuildPhase section */
		A3AF82E019DC083800664A63 /* Resources */ = {
			isa = PBXResourcesBuildPhase;
			buildActionMask = 2147483647;
			files = (
				A3AF82F119DC083900664A63 /* Main.storyboard in Resources */,
				A3AF82F619DC083900664A63 /* LaunchScreen.xib in Resources */,
				A3AF82F319DC083900664A63 /* Images.xcassets in Resources */,
			);
			runOnlyForDeploymentPostprocessing = 0;
		};
		A3AF82F919DC083900664A63 /* Resources */ = {
			isa = PBXResourcesBuildPhase;
			buildActionMask = 2147483647;
			files = (
			);
			runOnlyForDeploymentPostprocessing = 0;
		};
/* End PBXResourcesBuildPhase section */

/* Begin PBXSourcesBuildPhase section */
		A3AF82DE19DC083800664A63 /* Sources */ = {
			isa = PBXSourcesBuildPhase;
			buildActionMask = 2147483647;
			files = (
				A3AF82EE19DC083900664A63 /* ViewController.m in Sources */,
				A3AF82EB19DC083900664A63 /* AppDelegate.m in Sources */,
				A3AF82E819DC083900664A63 /* main.m in Sources */,
			);
			runOnlyForDeploymentPostprocessing = 0;
		};
		A3AF82F719DC083900664A63 /* Sources */ = {
			isa = PBXSourcesBuildPhase;
			buildActionMask = 2147483647;
			files = (
				A3AF830219DC083900664A63 /* CAKeyframeAnimationTests.m in Sources */,
			);
			runOnlyForDeploymentPostprocessing = 0;
		};
/* End PBXSourcesBuildPhase section */

/* Begin PBXTargetDependency section */
		A3AF82FD19DC083900664A63 /* PBXTargetDependency */ = {
			isa = PBXTargetDependency;
			target = A3AF82E119DC083800664A63 /* CAKeyframeAnimation */;
			targetProxy = A3AF82FC19DC083900664A63 /* PBXContainerItemProxy */;
		};
/* End PBXTargetDependency section */

/* Begin PBXVariantGroup section */
		A3AF82EF19DC083900664A63 /* Main.storyboard */ = {
			isa = PBXVariantGroup;
			children = (
				A3AF82F019DC083900664A63 /* Base */,
			);
			name = Main.storyboard;
			sourceTree = "<group>";
		};
		A3AF82F419DC083900664A63 /* LaunchScreen.xib */ = {
			isa = PBXVariantGroup;
			children = (
				A3AF82F519DC083900664A63 /* Base */,
			);
			name = LaunchScreen.xib;
			sourceTree = "<group>";
		};
/* End PBXVariantGroup section */

/* Begin XCBuildConfiguration section */
		A3AF830319DC083900664A63 /* Debug */ = {
			isa = XCBuildConfiguration;
			buildSettings = {
				ALWAYS_SEARCH_USER_PATHS = NO;
				CLANG_CXX_LANGUAGE_STANDARD = "gnu++0x";
				CLANG_CXX_LIBRARY = "libc++";
				CLANG_ENABLE_MODULES = YES;
				CLANG_ENABLE_OBJC_ARC = YES;
				CLANG_WARN_BOOL_CONVERSION = YES;
				CLANG_WARN_CONSTANT_CONVERSION = YES;
				CLANG_WARN_DIRECT_OBJC_ISA_USAGE = YES_ERROR;
				CLANG_WARN_EMPTY_BODY = YES;
				CLANG_WARN_ENUM_CONVERSION = YES;
				CLANG_WARN_INT_CONVERSION = YES;
				CLANG_WARN_OBJC_ROOT_CLASS = YES_ERROR;
				CLANG_WARN_UNREACHABLE_CODE = YES;
				CLANG_WARN__DUPLICATE_METHOD_MATCH = YES;
				"CODE_SIGN_IDENTITY[sdk=iphoneos*]" = "iPhone Developer";
				COPY_PHASE_STRIP = NO;
				ENABLE_STRICT_OBJC_MSGSEND = YES;
				GCC_C_LANGUAGE_STANDARD = gnu99;
				GCC_DYNAMIC_NO_PIC = NO;
				GCC_OPTIMIZATION_LEVEL = 0;
				GCC_PREPROCESSOR_DEFINITIONS = (
					"DEBUG=1",
					"$(inherited)",
				);
				GCC_SYMBOLS_PRIVATE_EXTERN = NO;
				GCC_WARN_64_TO_32_BIT_CONVERSION = YES;
				GCC_WARN_ABOUT_RETURN_TYPE = YES_ERROR;
				GCC_WARN_UNDECLARED_SELECTOR = YES;
				GCC_WARN_UNINITIALIZED_AUTOS = YES_AGGRESSIVE;
				GCC_WARN_UNUSED_FUNCTION = YES;
				GCC_WARN_UNUSED_VARIABLE = YES;
				IPHONEOS_DEPLOYMENT_TARGET = 8.0;
				MTL_ENABLE_DEBUG_INFO = YES;
				ONLY_ACTIVE_ARCH = YES;
				SDKROOT = iphoneos;
			};
			name = Debug;
		};
		A3AF830419DC083900664A63 /* Release */ = {
			isa = XCBuildConfiguration;
			buildSettings = {
				ALWAYS_SEARCH_USER_PATHS = NO;
				CLANG_CXX_LANGUAGE_STANDARD = "gnu++0x";
				CLANG_CXX_LIBRARY = "libc++";
				CLANG_ENABLE_MODULES = YES;
				CLANG_ENABLE_OBJC_ARC = YES;
				CLANG_WARN_BOOL_CONVERSION = YES;
				CLANG_WARN_CONSTANT_CONVERSION = YES;
				CLANG_WARN_DIRECT_OBJC_ISA_USAGE = YES_ERROR;
				CLANG_WARN_EMPTY_BODY = YES;
				CLANG_WARN_ENUM_CONVERSION = YES;
				CLANG_WARN_INT_CONVERSION = YES;
				CLANG_WARN_OBJC_ROOT_CLASS = YES_ERROR;
				CLANG_WARN_UNREACHABLE_CODE = YES;
				CLANG_WARN__DUPLICATE_METHOD_MATCH = YES;
				"CODE_SIGN_IDENTITY[sdk=iphoneos*]" = "iPhone Developer";
				COPY_PHASE_STRIP = YES;
				ENABLE_NS_ASSERTIONS = NO;
				ENABLE_STRICT_OBJC_MSGSEND = YES;
				GCC_C_LANGUAGE_STANDARD = gnu99;
				GCC_WARN_64_TO_32_BIT_CONVERSION = YES;
				GCC_WARN_ABOUT_RETURN_TYPE = YES_ERROR;
				GCC_WARN_UNDECLARED_SELECTOR = YES;
				GCC_WARN_UNINITIALIZED_AUTOS = YES_AGGRESSIVE;
				GCC_WARN_UNUSED_FUNCTION = YES;
				GCC_WARN_UNUSED_VARIABLE = YES;
				IPHONEOS_DEPLOYMENT_TARGET = 8.0;
				MTL_ENABLE_DEBUG_INFO = NO;
				SDKROOT = iphoneos;
				VALIDATE_PRODUCT = YES;
			};
			name = Release;
		};
		A3AF830619DC083900664A63 /* Debug */ = {
			isa = XCBuildConfiguration;
			buildSettings = {
				ASSETCATALOG_COMPILER_APPICON_NAME = AppIcon;
				INFOPLIST_FILE = CAKeyframeAnimation/Info.plist;
				LD_RUNPATH_SEARCH_PATHS = "$(inherited) @executable_path/Frameworks";
				PRODUCT_NAME = "$(TARGET_NAME)";
			};
			name = Debug;
		};
		A3AF830719DC083900664A63 /* Release */ = {
			isa = XCBuildConfiguration;
			buildSettings = {
				ASSETCATALOG_COMPILER_APPICON_NAME = AppIcon;
				INFOPLIST_FILE = CAKeyframeAnimation/Info.plist;
				LD_RUNPATH_SEARCH_PATHS = "$(inherited) @executable_path/Frameworks";
				PRODUCT_NAME = "$(TARGET_NAME)";
			};
			name = Release;
		};
		A3AF830919DC083900664A63 /* Debug */ = {
			isa = XCBuildConfiguration;
			buildSettings = {
				BUNDLE_LOADER = "$(TEST_HOST)";
				FRAMEWORK_SEARCH_PATHS = (
					"$(SDKROOT)/Developer/Library/Frameworks",
					"$(inherited)",
				);
				GCC_PREPROCESSOR_DEFINITIONS = (
					"DEBUG=1",
					"$(inherited)",
				);
				INFOPLIST_FILE = CAKeyframeAnimationTests/Info.plist;
				LD_RUNPATH_SEARCH_PATHS = "$(inherited) @executable_path/Frameworks @loader_path/Frameworks";
				PRODUCT_NAME = "$(TARGET_NAME)";
				TEST_HOST = "$(BUILT_PRODUCTS_DIR)/CAKeyframeAnimation.app/CAKeyframeAnimation";
			};
			name = Debug;
		};
		A3AF830A19DC083900664A63 /* Release */ = {
			isa = XCBuildConfiguration;
			buildSettings = {
				BUNDLE_LOADER = "$(TEST_HOST)";
				FRAMEWORK_SEARCH_PATHS = (
					"$(SDKROOT)/Developer/Library/Frameworks",
					"$(inherited)",
				);
				INFOPLIST_FILE = CAKeyframeAnimationTests/Info.plist;
				LD_RUNPATH_SEARCH_PATHS = "$(inherited) @executable_path/Frameworks @loader_path/Frameworks";
				PRODUCT_NAME = "$(TARGET_NAME)";
				TEST_HOST = "$(BUILT_PRODUCTS_DIR)/CAKeyframeAnimation.app/CAKeyframeAnimation";
			};
			name = Release;
		};
/* End XCBuildConfiguration section */

/* Begin XCConfigurationList section */
		A3AF82DD19DC083800664A63 /* Build configuration list for PBXProject "CAKeyframeAnimation" */ = {
			isa = XCConfigurationList;
			buildConfigurations = (
				A3AF830319DC083900664A63 /* Debug */,
				A3AF830419DC083900664A63 /* Release */,
			);
			defaultConfigurationIsVisible = 0;
			defaultConfigurationName = Release;
		};
		A3AF830519DC083900664A63 /* Build configuration list for PBXNativeTarget "CAKeyframeAnimation" */ = {
			isa = XCConfigurationList;
			buildConfigurations = (
				A3AF830619DC083900664A63 /* Debug */,
				A3AF830719DC083900664A63 /* Release */,
			);
			defaultConfigurationIsVisible = 0;
		};
		A3AF830819DC083900664A63 /* Build configuration list for PBXNativeTarget "CAKeyframeAnimationTests" */ = {
			isa = XCConfigurationList;
			buildConfigurations = (
				A3AF830919DC083900664A63 /* Debug */,
				A3AF830A19DC083900664A63 /* Release */,
			);
			defaultConfigurationIsVisible = 0;
		};
/* End XCConfigurationList section */
	};
	rootObject = A3AF82DA19DC083800664A63 /* Project object */;
}
